// !$*UTF8*$!
{
	archiveVersion = 1;
	classes = {
	};
	objectVersion = 54;
	objects = {

/* Begin PBXBuildFile section */
		0C80B921A6F3F58F76C31292 /* libPods-App.a in Frameworks */ = {isa = PBXBuildFile; fileRef = 5DCACB8F33CDC322A6C60F78 /* libPods-App.a */; };
		13B07FBF1A68108700A75B9A /* Images.xcassets in Resources */ = {isa = PBXBuildFile; fileRef = 13B07FB51A68108700A75B9A /* Images.xcassets */; };
		761780ED2CA45674006654EE /* AppDelegate.swift in Sources */ = {isa = PBXBuildFile; fileRef = 761780EC2CA45674006654EE /* AppDelegate.swift */; };
		81AB9BB82411601600AC10FF /* LaunchScreen.storyboard in Resources */ = {isa = PBXBuildFile; fileRef = 81AB9BB72411601600AC10FF /* LaunchScreen.storyboard */; };
		7FB996EF418B409F8B3712B9 /* Michroma-Regular.ttf in Resources */ = {isa = PBXBuildFile; fileRef = C88EB414CDBD49F399D5CEE2 /* Michroma-Regular.ttf */; };
		9BC8B46B2FF14E8C8407D278 /* Quantico-Bold.ttf in Resources */ = {isa = PBXBuildFile; fileRef = E5EB49C3A2A848D8934F905C /* Quantico-Bold.ttf */; };
		E8BED45C344D4E55A8E4EA25 /* Quantico-BoldItalic.ttf in Resources */ = {isa = PBXBuildFile; fileRef = 995F558A58C645598DEA248A /* Quantico-BoldItalic.ttf */; };
		636683DEB16E46718C739D05 /* Quantico-Italic.ttf in Resources */ = {isa = PBXBuildFile; fileRef = 6A395A26D470436596CDEBAD /* Quantico-Italic.ttf */; };
		A339AEF84CE4439A92A945CA /* Quantico-Regular.ttf in Resources */ = {isa = PBXBuildFile; fileRef = 8E3498D75B3C4A4BB7876EE3 /* Quantico-Regular.ttf */; };
		61DE980267DC4C4FA44777F6 /* SpecialElite-Regular.ttf in Resources */ = {isa = PBXBuildFile; fileRef = 82CA03FD2D5D486BB28EB13E /* SpecialElite-Regular.ttf */; };
		82A4649D3E874AA7839E42B7 /* Syncopate-Bold.ttf in Resources */ = {isa = PBXBuildFile; fileRef = 7B04B91D01AB4249B83C68CF /* Syncopate-Bold.ttf */; };
		FED0252009E04F61802593BA /* Syncopate-Regular.ttf in Resources */ = {isa = PBXBuildFile; fileRef = D4CA9F10A09A4393AC0014DA /* Syncopate-Regular.ttf */; };
		E92175C1F79F48FCA7DAC953 /* OFL.txt in Resources */ = {isa = PBXBuildFile; fileRef = BF138434949D4537A83F3E4A /* OFL.txt */; };
		B13D3C5C39D149A3948B6AE3 /* README.txt in Resources */ = {isa = PBXBuildFile; fileRef = CE6C4F443847453E9803CBDC /* README.txt */; };
		505200341F1D46ACB5884862 /* OFL.txt in Resources */ = {isa = PBXBuildFile; fileRef = A6D7A0D6055048F0A992B547 /* OFL.txt */; };
		BE4D62C669354F218073D20A /* OFL.txt in Resources */ = {isa = PBXBuildFile; fileRef = AFF92778BB52418F817615D5 /* OFL.txt */; };
		0261FC9C66B242798504579D /* OFL.txt in Resources */ = {isa = PBXBuildFile; fileRef = 9448E9A3B6C44CAFBCEC20EC /* OFL.txt */; };
		C86EF2CA74FC43D681ADB0B8 /* README.txt in Resources */ = {isa = PBXBuildFile; fileRef = B909F0974D964E5F9E962844 /* README.txt */; };
		A6FE716A6C76457B99333314 /* OFL.txt in Resources */ = {isa = PBXBuildFile; fileRef = 2A334AC477664D659E9E8916 /* OFL.txt */; };
		B999B7DDFA644EFB9251075F /* README.txt in Resources */ = {isa = PBXBuildFile; fileRef = 3A6216508CEE4B9C8EB0D145 /* README.txt */; };
		512B0256C7F346A58D754552 /* LICENSE.txt in Resources */ = {isa = PBXBuildFile; fileRef = 9BDC385CF93544B88578B018 /* LICENSE.txt */; };
		9D18425C36994A71890F443F /* OFL.txt in Resources */ = {isa = PBXBuildFile; fileRef = E0BFC9D43E3240DEBF35213C /* OFL.txt */; };
		8EE9121848A446398E3DF111 /* UFL.txt in Resources */ = {isa = PBXBuildFile; fileRef = 74200DEC543845E4ADF0E2D7 /* UFL.txt */; };
		8CDE6497BDCA43EEA06932FE /* BitcountSingle-VariableFont_CRSV,ELSH,ELXP,slnt,wght.ttf in Resources */ = {isa = PBXBuildFile; fileRef = D3BCEDE8EDDC4D95BC44FF77 /* BitcountSingle-VariableFont_CRSV,ELSH,ELXP,slnt,wght.ttf */; };
		FFF6B6039365443B82BABE12 /* BitcountSingle-Black.ttf in Resources */ = {isa = PBXBuildFile; fileRef = 3712DCB486134778B7BFD1EC /* BitcountSingle-Black.ttf */; };
		E36903BD605F4E60BAA77192 /* BitcountSingle-Bold.ttf in Resources */ = {isa = PBXBuildFile; fileRef = 277CF0D970714284B5B1BCAA /* BitcountSingle-Bold.ttf */; };
		B93B54D8C14D4DFDB6B21DC3 /* BitcountSingle-ExtraBold.ttf in Resources */ = {isa = PBXBuildFile; fileRef = 8E3F38502AEE469EAAE74DBC /* BitcountSingle-ExtraBold.ttf */; };
		CEAE787F695E47CEA6603D1F /* BitcountSingle-ExtraLight.ttf in Resources */ = {isa = PBXBuildFile; fileRef = 73A937701BAF41A1BBC530C8 /* BitcountSingle-ExtraLight.ttf */; };
		BB3978545A944773A246C0E7 /* BitcountSingle-Light.ttf in Resources */ = {isa = PBXBuildFile; fileRef = AC8DF21730D54A9D8C9B823D /* BitcountSingle-Light.ttf */; };
		4642BE6354E84010B844BAF1 /* BitcountSingle-Medium.ttf in Resources */ = {isa = PBXBuildFile; fileRef = 005DEEB19F4249C689085C45 /* BitcountSingle-Medium.ttf */; };
		E9508D4C478A4896B63F7A1A /* BitcountSingle-Regular.ttf in Resources */ = {isa = PBXBuildFile; fileRef = 560BBD649A6649B88299FA06 /* BitcountSingle-Regular.ttf */; };
		32186ECD3B714C8BBE6C7814 /* BitcountSingle-SemiBold.ttf in Resources */ = {isa = PBXBuildFile; fileRef = C3F67B80B6484A81982CD7F7 /* BitcountSingle-SemiBold.ttf */; };
		B5187E909B1B4ABC8F64CD93 /* BitcountSingle-Thin.ttf in Resources */ = {isa = PBXBuildFile; fileRef = B6157D40DDE64EDEA882C34B /* BitcountSingle-Thin.ttf */; };
		7C0DE29BD55F41848BAEBA0D /* BitcountSingle_Cursive-Black.ttf in Resources */ = {isa = PBXBuildFile; fileRef = 679D862FFD8B4434BCB0596B /* BitcountSingle_Cursive-Black.ttf */; };
		DE7D04799E4347248FD66E62 /* BitcountSingle_Cursive-Bold.ttf in Resources */ = {isa = PBXBuildFile; fileRef = 7BD9724299F3467BB8FF8217 /* BitcountSingle_Cursive-Bold.ttf */; };
		AC3BD93AB0DA43C6B8368EF5 /* BitcountSingle_Cursive-ExtraBold.ttf in Resources */ = {isa = PBXBuildFile; fileRef = D5754621556E41B783328EB1 /* BitcountSingle_Cursive-ExtraBold.ttf */; };
		E998389F1CDC4D9D9AA516AE /* BitcountSingle_Cursive-ExtraLight.ttf in Resources */ = {isa = PBXBuildFile; fileRef = 266842ADED384FAC849FC872 /* BitcountSingle_Cursive-ExtraLight.ttf */; };
		E55B9D66C5D145E297C7EFBD /* BitcountSingle_Cursive-Light.ttf in Resources */ = {isa = PBXBuildFile; fileRef = 47779F534AA440BBBC833D6E /* BitcountSingle_Cursive-Light.ttf */; };
		893075E978CB4228BD6721D4 /* BitcountSingle_Cursive-Medium.ttf in Resources */ = {isa = PBXBuildFile; fileRef = D9E97CBFD38D4B738EF0C51B /* BitcountSingle_Cursive-Medium.ttf */; };
		BD7F4F51F2EA467FA4CA57A3 /* BitcountSingle_Cursive-Regular.ttf in Resources */ = {isa = PBXBuildFile; fileRef = F0AD181523EA4E918B4A8299 /* BitcountSingle_Cursive-Regular.ttf */; };
		558BD5A9BCF547D28ED6F8BE /* BitcountSingle_Cursive-SemiBold.ttf in Resources */ = {isa = PBXBuildFile; fileRef = FCD9442C4E7542528C15C541 /* BitcountSingle_Cursive-SemiBold.ttf */; };
		C51998B91DB44F8B8C6F303A /* BitcountSingle_Cursive-Thin.ttf in Resources */ = {isa = PBXBuildFile; fileRef = 00909DBE1BF94DEFB2130966 /* BitcountSingle_Cursive-Thin.ttf */; };
		D780419ADB104EB684406AF4 /* BitcountSingle_Roman-Black.ttf in Resources */ = {isa = PBXBuildFile; fileRef = CA6D82222BB94E4BB790D867 /* BitcountSingle_Roman-Black.ttf */; };
		5B4FF92721914BAE8D985EE5 /* BitcountSingle_Roman-Bold.ttf in Resources */ = {isa = PBXBuildFile; fileRef = 4739B2BCFE1D4D9DB1C59FB2 /* BitcountSingle_Roman-Bold.ttf */; };
		E963BF4E54BF431C8180DFD5 /* BitcountSingle_Roman-ExtraBold.ttf in Resources */ = {isa = PBXBuildFile; fileRef = 3FEC9C1237944FC48CB7B061 /* BitcountSingle_Roman-ExtraBold.ttf */; };
		BA54FF66493A464BB693E8E7 /* BitcountSingle_Roman-ExtraLight.ttf in Resources */ = {isa = PBXBuildFile; fileRef = 03F5FB9C99A94B6196369387 /* BitcountSingle_Roman-ExtraLight.ttf */; };
		DFE7733162AE41DE80029B77 /* BitcountSingle_Roman-Light.ttf in Resources */ = {isa = PBXBuildFile; fileRef = 8C9986EBA81D498484B52B65 /* BitcountSingle_Roman-Light.ttf */; };
		57E1B06FE4B74066BFC781AE /* BitcountSingle_Roman-Medium.ttf in Resources */ = {isa = PBXBuildFile; fileRef = E3E05F0CBAE8434BBF2EF21B /* BitcountSingle_Roman-Medium.ttf */; };
		D4979DD7C57E4E658E1371D3 /* BitcountSingle_Roman-Regular.ttf in Resources */ = {isa = PBXBuildFile; fileRef = 0E6A4395D4BE4C6691914F52 /* BitcountSingle_Roman-Regular.ttf */; };
		807335EC83504ED0A7786C2D /* BitcountSingle_Roman-SemiBold.ttf in Resources */ = {isa = PBXBuildFile; fileRef = 1723BC688F0247BD86ADF9DB /* BitcountSingle_Roman-SemiBold.ttf */; };
		5FF449ED49EC44798F1DD365 /* BitcountSingle_Roman-Thin.ttf in Resources */ = {isa = PBXBuildFile; fileRef = EE030776F8E34DF6B3AECFF6 /* BitcountSingle_Roman-Thin.ttf */; };
		557D8409F6EC4BF9A556573F /* Sixtyfour-Regular-VariableFont_BLED,SCAN.ttf in Resources */ = {isa = PBXBuildFile; fileRef = A9297D735BDF41F8ADBF6F80 /* Sixtyfour-Regular-VariableFont_BLED,SCAN.ttf */; };
		6EE1E24367A546898872CE4E /* SpaceGrotesk-VariableFont_wght.ttf in Resources */ = {isa = PBXBuildFile; fileRef = 8909B2BC226045D3B5998385 /* SpaceGrotesk-VariableFont_wght.ttf */; };
		B7580523A7584206A4A2386A /* SpaceGrotesk-Bold.ttf in Resources */ = {isa = PBXBuildFile; fileRef = A6117774A0CD4DA9A342524E /* SpaceGrotesk-Bold.ttf */; };
		C7BFF950F2024130BE640A4C /* SpaceGrotesk-Light.ttf in Resources */ = {isa = PBXBuildFile; fileRef = FEA6CE3F64E04010B13732E0 /* SpaceGrotesk-Light.ttf */; };
		17522EC7BE734DDA901346CD /* SpaceGrotesk-Medium.ttf in Resources */ = {isa = PBXBuildFile; fileRef = 5F8C66661F594DEABE8D2B78 /* SpaceGrotesk-Medium.ttf */; };
		41582AC20EFC4316B7498FAF /* SpaceGrotesk-Regular.ttf in Resources */ = {isa = PBXBuildFile; fileRef = 6455976C9B6B4129A70DF886 /* SpaceGrotesk-Regular.ttf */; };
		211691C77E9A4654B6601F0E /* SpaceGrotesk-SemiBold.ttf in Resources */ = {isa = PBXBuildFile; fileRef = 5D2C22AA5DB84C5B8C1FFAE0 /* SpaceGrotesk-SemiBold.ttf */; };
		DE4B56F99A094A9DBF7F4536 /* SyneMono-Regular.ttf in Resources */ = {isa = PBXBuildFile; fileRef = FC75427372304270A8970958 /* SyneMono-Regular.ttf */; };
		BC3E8EBD2BCA42138113DD9B /* UbuntuMono-Bold.ttf in Resources */ = {isa = PBXBuildFile; fileRef = 1EDE7F3DA8A843928B626C22 /* UbuntuMono-Bold.ttf */; };
		8BC04AAAFBC84CCFB50C8ECA /* UbuntuMono-BoldItalic.ttf in Resources */ = {isa = PBXBuildFile; fileRef = 20BE61E3F4E7461F922705D6 /* UbuntuMono-BoldItalic.ttf */; };
		ACC91A59C8934BD884AB6184 /* UbuntuMono-Italic.ttf in Resources */ = {isa = PBXBuildFile; fileRef = F3D14D92074A47FF9BBBF261 /* UbuntuMono-Italic.ttf */; };
		11ECDB3AC70545E799FDBF69 /* UbuntuMono-Regular.ttf in Resources */ = {isa = PBXBuildFile; fileRef = 03B6F6795B944213A2CD7807 /* UbuntuMono-Regular.ttf */; };
/* End PBXBuildFile section */

/* Begin PBXFileReference section */
		13B07F961A680F5B00A75B9A /* App.app */ = {isa = PBXFileReference; explicitFileType = wrapper.application; includeInIndex = 0; path = App.app; sourceTree = BUILT_PRODUCTS_DIR; };
		13B07FB51A68108700A75B9A /* Images.xcassets */ = {isa = PBXFileReference; lastKnownFileType = folder.assetcatalog; name = Images.xcassets; path = App/Images.xcassets; sourceTree = "<group>"; };
		13B07FB61A68108700A75B9A /* Info.plist */ = {isa = PBXFileReference; fileEncoding = 4; lastKnownFileType = text.plist.xml; name = Info.plist; path = App/Info.plist; sourceTree = "<group>"; };
		13B07FB81A68108700A75B9A /* PrivacyInfo.xcprivacy */ = {isa = PBXFileReference; fileEncoding = 4; lastKnownFileType = text.plist.xml; name = PrivacyInfo.xcprivacy; path = App/PrivacyInfo.xcprivacy; sourceTree = "<group>"; };
		3B4392A12AC88292D35C810B /* Pods-App.debug.xcconfig */ = {isa = PBXFileReference; includeInIndex = 1; lastKnownFileType = text.xcconfig; name = "Pods-App.debug.xcconfig"; path = "Target Support Files/Pods-App/Pods-App.debug.xcconfig"; sourceTree = "<group>"; };
		5709B34CF0A7D63546082F79 /* Pods-App.release.xcconfig */ = {isa = PBXFileReference; includeInIndex = 1; lastKnownFileType = text.xcconfig; name = "Pods-App.release.xcconfig"; path = "Target Support Files/Pods-App/Pods-App.release.xcconfig"; sourceTree = "<group>"; };
		5DCACB8F33CDC322A6C60F78 /* libPods-App.a */ = {isa = PBXFileReference; explicitFileType = archive.ar; includeInIndex = 0; path = "libPods-App.a"; sourceTree = BUILT_PRODUCTS_DIR; };
		761780EC2CA45674006654EE /* AppDelegate.swift */ = {isa = PBXFileReference; lastKnownFileType = sourcecode.swift; name = AppDelegate.swift; path = App/AppDelegate.swift; sourceTree = "<group>"; };
		81AB9BB72411601600AC10FF /* LaunchScreen.storyboard */ = {isa = PBXFileReference; fileEncoding = 4; lastKnownFileType = file.storyboard; name = LaunchScreen.storyboard; path = App/LaunchScreen.storyboard; sourceTree = "<group>"; };
		ED297162215061F000B7C4FE /* JavaScriptCore.framework */ = {isa = PBXFileReference; lastKnownFileType = wrapper.framework; name = JavaScriptCore.framework; path = System/Library/Frameworks/JavaScriptCore.framework; sourceTree = SDKROOT; };
		C88EB414CDBD49F399D5CEE2 /* Michroma-Regular.ttf */ = {isa = PBXFileReference; name = "Michroma-Regular.ttf"; path = "../../ui/common/public/fonts/Michroma/Michroma-Regular.ttf"; sourceTree = "<group>"; fileEncoding = undefined; lastKnownFileType = unknown; explicitFileType = undefined; includeInIndex = 0; };
		E5EB49C3A2A848D8934F905C /* Quantico-Bold.ttf */ = {isa = PBXFileReference; name = "Quantico-Bold.ttf"; path = "../../ui/common/public/fonts/Quantico/Quantico-Bold.ttf"; sourceTree = "<group>"; fileEncoding = undefined; lastKnownFileType = unknown; explicitFileType = undefined; includeInIndex = 0; };
		995F558A58C645598DEA248A /* Quantico-BoldItalic.ttf */ = {isa = PBXFileReference; name = "Quantico-BoldItalic.ttf"; path = "../../ui/common/public/fonts/Quantico/Quantico-BoldItalic.ttf"; sourceTree = "<group>"; fileEncoding = undefined; lastKnownFileType = unknown; explicitFileType = undefined; includeInIndex = 0; };
		6A395A26D470436596CDEBAD /* Quantico-Italic.ttf */ = {isa = PBXFileReference; name = "Quantico-Italic.ttf"; path = "../../ui/common/public/fonts/Quantico/Quantico-Italic.ttf"; sourceTree = "<group>"; fileEncoding = undefined; lastKnownFileType = unknown; explicitFileType = undefined; includeInIndex = 0; };
		8E3498D75B3C4A4BB7876EE3 /* Quantico-Regular.ttf */ = {isa = PBXFileReference; name = "Quantico-Regular.ttf"; path = "../../ui/common/public/fonts/Quantico/Quantico-Regular.ttf"; sourceTree = "<group>"; fileEncoding = undefined; lastKnownFileType = unknown; explicitFileType = undefined; includeInIndex = 0; };
		82CA03FD2D5D486BB28EB13E /* SpecialElite-Regular.ttf */ = {isa = PBXFileReference; name = "SpecialElite-Regular.ttf"; path = "../../ui/common/public/fonts/Special_Elite/SpecialElite-Regular.ttf"; sourceTree = "<group>"; fileEncoding = undefined; lastKnownFileType = unknown; explicitFileType = undefined; includeInIndex = 0; };
		7B04B91D01AB4249B83C68CF /* Syncopate-Bold.ttf */ = {isa = PBXFileReference; name = "Syncopate-Bold.ttf"; path = "../../ui/common/public/fonts/Syncopate/Syncopate-Bold.ttf"; sourceTree = "<group>"; fileEncoding = undefined; lastKnownFileType = unknown; explicitFileType = undefined; includeInIndex = 0; };
		D4CA9F10A09A4393AC0014DA /* Syncopate-Regular.ttf */ = {isa = PBXFileReference; name = "Syncopate-Regular.ttf"; path = "../../ui/common/public/fonts/Syncopate/Syncopate-Regular.ttf"; sourceTree = "<group>"; fileEncoding = undefined; lastKnownFileType = unknown; explicitFileType = undefined; includeInIndex = 0; };
		BF138434949D4537A83F3E4A /* OFL.txt */ = {isa = PBXFileReference; name = "OFL.txt"; path = "../../ui/common/public/fonts/Bitcount_Single/OFL.txt"; sourceTree = "<group>"; fileEncoding = undefined; lastKnownFileType = unknown; explicitFileType = undefined; includeInIndex = 0; };
		CE6C4F443847453E9803CBDC /* README.txt */ = {isa = PBXFileReference; name = "README.txt"; path = "../../ui/common/public/fonts/Bitcount_Single/README.txt"; sourceTree = "<group>"; fileEncoding = undefined; lastKnownFileType = unknown; explicitFileType = undefined; includeInIndex = 0; };
		A6D7A0D6055048F0A992B547 /* OFL.txt */ = {isa = PBXFileReference; name = "OFL.txt"; path = "../../ui/common/public/fonts/Michroma/OFL.txt"; sourceTree = "<group>"; fileEncoding = undefined; lastKnownFileType = unknown; explicitFileType = undefined; includeInIndex = 0; };
		AFF92778BB52418F817615D5 /* OFL.txt */ = {isa = PBXFileReference; name = "OFL.txt"; path = "../../ui/common/public/fonts/Quantico/OFL.txt"; sourceTree = "<group>"; fileEncoding = undefined; lastKnownFileType = unknown; explicitFileType = undefined; includeInIndex = 0; };
		9448E9A3B6C44CAFBCEC20EC /* OFL.txt */ = {isa = PBXFileReference; name = "OFL.txt"; path = "../../ui/common/public/fonts/Sixtyfour/OFL.txt"; sourceTree = "<group>"; fileEncoding = undefined; lastKnownFileType = unknown; explicitFileType = undefined; includeInIndex = 0; };
		B909F0974D964E5F9E962844 /* README.txt */ = {isa = PBXFileReference; name = "README.txt"; path = "../../ui/common/public/fonts/Sixtyfour/README.txt"; sourceTree = "<group>"; fileEncoding = undefined; lastKnownFileType = unknown; explicitFileType = undefined; includeInIndex = 0; };
		2A334AC477664D659E9E8916 /* OFL.txt */ = {isa = PBXFileReference; name = "OFL.txt"; path = "../../ui/common/public/fonts/Space_Grotesk/OFL.txt"; sourceTree = "<group>"; fileEncoding = undefined; lastKnownFileType = unknown; explicitFileType = undefined; includeInIndex = 0; };
		3A6216508CEE4B9C8EB0D145 /* README.txt */ = {isa = PBXFileReference; name = "README.txt"; path = "../../ui/common/public/fonts/Space_Grotesk/README.txt"; sourceTree = "<group>"; fileEncoding = undefined; lastKnownFileType = unknown; explicitFileType = undefined; includeInIndex = 0; };
		9BDC385CF93544B88578B018 /* LICENSE.txt */ = {isa = PBXFileReference; name = "LICENSE.txt"; path = "../../ui/common/public/fonts/Syncopate/LICENSE.txt"; sourceTree = "<group>"; fileEncoding = undefined; lastKnownFileType = unknown; explicitFileType = undefined; includeInIndex = 0; };
		E0BFC9D43E3240DEBF35213C /* OFL.txt */ = {isa = PBXFileReference; name = "OFL.txt"; path = "../../ui/common/public/fonts/Syne_Mono/OFL.txt"; sourceTree = "<group>"; fileEncoding = undefined; lastKnownFileType = unknown; explicitFileType = undefined; includeInIndex = 0; };
		74200DEC543845E4ADF0E2D7 /* UFL.txt */ = {isa = PBXFileReference; name = "UFL.txt"; path = "../../ui/common/public/fonts/Ubuntu_Mono/UFL.txt"; sourceTree = "<group>"; fileEncoding = undefined; lastKnownFileType = unknown; explicitFileType = undefined; includeInIndex = 0; };
		D3BCEDE8EDDC4D95BC44FF77 /* BitcountSingle-VariableFont_CRSV,ELSH,ELXP,slnt,wght.ttf */ = {isa = PBXFileReference; name = "BitcountSingle-VariableFont_CRSV,ELSH,ELXP,slnt,wght.ttf"; path = "../../ui/common/public/fonts/Bitcount_Single/BitcountSingle-VariableFont_CRSV,ELSH,ELXP,slnt,wght.ttf"; sourceTree = "<group>"; fileEncoding = undefined; lastKnownFileType = unknown; explicitFileType = undefined; includeInIndex = 0; };
		3712DCB486134778B7BFD1EC /* BitcountSingle-Black.ttf */ = {isa = PBXFileReference; name = "BitcountSingle-Black.ttf"; path = "../../ui/common/public/fonts/Bitcount_Single/static/BitcountSingle-Black.ttf"; sourceTree = "<group>"; fileEncoding = undefined; lastKnownFileType = unknown; explicitFileType = undefined; includeInIndex = 0; };
		277CF0D970714284B5B1BCAA /* BitcountSingle-Bold.ttf */ = {isa = PBXFileReference; name = "BitcountSingle-Bold.ttf"; path = "../../ui/common/public/fonts/Bitcount_Single/static/BitcountSingle-Bold.ttf"; sourceTree = "<group>"; fileEncoding = undefined; lastKnownFileType = unknown; explicitFileType = undefined; includeInIndex = 0; };
		8E3F38502AEE469EAAE74DBC /* BitcountSingle-ExtraBold.ttf */ = {isa = PBXFileReference; name = "BitcountSingle-ExtraBold.ttf"; path = "../../ui/common/public/fonts/Bitcount_Single/static/BitcountSingle-ExtraBold.ttf"; sourceTree = "<group>"; fileEncoding = undefined; lastKnownFileType = unknown; explicitFileType = undefined; includeInIndex = 0; };
		73A937701BAF41A1BBC530C8 /* BitcountSingle-ExtraLight.ttf */ = {isa = PBXFileReference; name = "BitcountSingle-ExtraLight.ttf"; path = "../../ui/common/public/fonts/Bitcount_Single/static/BitcountSingle-ExtraLight.ttf"; sourceTree = "<group>"; fileEncoding = undefined; lastKnownFileType = unknown; explicitFileType = undefined; includeInIndex = 0; };
		AC8DF21730D54A9D8C9B823D /* BitcountSingle-Light.ttf */ = {isa = PBXFileReference; name = "BitcountSingle-Light.ttf"; path = "../../ui/common/public/fonts/Bitcount_Single/static/BitcountSingle-Light.ttf"; sourceTree = "<group>"; fileEncoding = undefined; lastKnownFileType = unknown; explicitFileType = undefined; includeInIndex = 0; };
		005DEEB19F4249C689085C45 /* BitcountSingle-Medium.ttf */ = {isa = PBXFileReference; name = "BitcountSingle-Medium.ttf"; path = "../../ui/common/public/fonts/Bitcount_Single/static/BitcountSingle-Medium.ttf"; sourceTree = "<group>"; fileEncoding = undefined; lastKnownFileType = unknown; explicitFileType = undefined; includeInIndex = 0; };
		560BBD649A6649B88299FA06 /* BitcountSingle-Regular.ttf */ = {isa = PBXFileReference; name = "BitcountSingle-Regular.ttf"; path = "../../ui/common/public/fonts/Bitcount_Single/static/BitcountSingle-Regular.ttf"; sourceTree = "<group>"; fileEncoding = undefined; lastKnownFileType = unknown; explicitFileType = undefined; includeInIndex = 0; };
		C3F67B80B6484A81982CD7F7 /* BitcountSingle-SemiBold.ttf */ = {isa = PBXFileReference; name = "BitcountSingle-SemiBold.ttf"; path = "../../ui/common/public/fonts/Bitcount_Single/static/BitcountSingle-SemiBold.ttf"; sourceTree = "<group>"; fileEncoding = undefined; lastKnownFileType = unknown; explicitFileType = undefined; includeInIndex = 0; };
		B6157D40DDE64EDEA882C34B /* BitcountSingle-Thin.ttf */ = {isa = PBXFileReference; name = "BitcountSingle-Thin.ttf"; path = "../../ui/common/public/fonts/Bitcount_Single/static/BitcountSingle-Thin.ttf"; sourceTree = "<group>"; fileEncoding = undefined; lastKnownFileType = unknown; explicitFileType = undefined; includeInIndex = 0; };
		679D862FFD8B4434BCB0596B /* BitcountSingle_Cursive-Black.ttf */ = {isa = PBXFileReference; name = "BitcountSingle_Cursive-Black.ttf"; path = "../../ui/common/public/fonts/Bitcount_Single/static/BitcountSingle_Cursive-Black.ttf"; sourceTree = "<group>"; fileEncoding = undefined; lastKnownFileType = unknown; explicitFileType = undefined; includeInIndex = 0; };
		7BD9724299F3467BB8FF8217 /* BitcountSingle_Cursive-Bold.ttf */ = {isa = PBXFileReference; name = "BitcountSingle_Cursive-Bold.ttf"; path = "../../ui/common/public/fonts/Bitcount_Single/static/BitcountSingle_Cursive-Bold.ttf"; sourceTree = "<group>"; fileEncoding = undefined; lastKnownFileType = unknown; explicitFileType = undefined; includeInIndex = 0; };
		D5754621556E41B783328EB1 /* BitcountSingle_Cursive-ExtraBold.ttf */ = {isa = PBXFileReference; name = "BitcountSingle_Cursive-ExtraBold.ttf"; path = "../../ui/common/public/fonts/Bitcount_Single/static/BitcountSingle_Cursive-ExtraBold.ttf"; sourceTree = "<group>"; fileEncoding = undefined; lastKnownFileType = unknown; explicitFileType = undefined; includeInIndex = 0; };
		266842ADED384FAC849FC872 /* BitcountSingle_Cursive-ExtraLight.ttf */ = {isa = PBXFileReference; name = "BitcountSingle_Cursive-ExtraLight.ttf"; path = "../../ui/common/public/fonts/Bitcount_Single/static/BitcountSingle_Cursive-ExtraLight.ttf"; sourceTree = "<group>"; fileEncoding = undefined; lastKnownFileType = unknown; explicitFileType = undefined; includeInIndex = 0; };
		47779F534AA440BBBC833D6E /* BitcountSingle_Cursive-Light.ttf */ = {isa = PBXFileReference; name = "BitcountSingle_Cursive-Light.ttf"; path = "../../ui/common/public/fonts/Bitcount_Single/static/BitcountSingle_Cursive-Light.ttf"; sourceTree = "<group>"; fileEncoding = undefined; lastKnownFileType = unknown; explicitFileType = undefined; includeInIndex = 0; };
		D9E97CBFD38D4B738EF0C51B /* BitcountSingle_Cursive-Medium.ttf */ = {isa = PBXFileReference; name = "BitcountSingle_Cursive-Medium.ttf"; path = "../../ui/common/public/fonts/Bitcount_Single/static/BitcountSingle_Cursive-Medium.ttf"; sourceTree = "<group>"; fileEncoding = undefined; lastKnownFileType = unknown; explicitFileType = undefined; includeInIndex = 0; };
		F0AD181523EA4E918B4A8299 /* BitcountSingle_Cursive-Regular.ttf */ = {isa = PBXFileReference; name = "BitcountSingle_Cursive-Regular.ttf"; path = "../../ui/common/public/fonts/Bitcount_Single/static/BitcountSingle_Cursive-Regular.ttf"; sourceTree = "<group>"; fileEncoding = undefined; lastKnownFileType = unknown; explicitFileType = undefined; includeInIndex = 0; };
		FCD9442C4E7542528C15C541 /* BitcountSingle_Cursive-SemiBold.ttf */ = {isa = PBXFileReference; name = "BitcountSingle_Cursive-SemiBold.ttf"; path = "../../ui/common/public/fonts/Bitcount_Single/static/BitcountSingle_Cursive-SemiBold.ttf"; sourceTree = "<group>"; fileEncoding = undefined; lastKnownFileType = unknown; explicitFileType = undefined; includeInIndex = 0; };
		00909DBE1BF94DEFB2130966 /* BitcountSingle_Cursive-Thin.ttf */ = {isa = PBXFileReference; name = "BitcountSingle_Cursive-Thin.ttf"; path = "../../ui/common/public/fonts/Bitcount_Single/static/BitcountSingle_Cursive-Thin.ttf"; sourceTree = "<group>"; fileEncoding = undefined; lastKnownFileType = unknown; explicitFileType = undefined; includeInIndex = 0; };
		CA6D82222BB94E4BB790D867 /* BitcountSingle_Roman-Black.ttf */ = {isa = PBXFileReference; name = "BitcountSingle_Roman-Black.ttf"; path = "../../ui/common/public/fonts/Bitcount_Single/static/BitcountSingle_Roman-Black.ttf"; sourceTree = "<group>"; fileEncoding = undefined; lastKnownFileType = unknown; explicitFileType = undefined; includeInIndex = 0; };
		4739B2BCFE1D4D9DB1C59FB2 /* BitcountSingle_Roman-Bold.ttf */ = {isa = PBXFileReference; name = "BitcountSingle_Roman-Bold.ttf"; path = "../../ui/common/public/fonts/Bitcount_Single/static/BitcountSingle_Roman-Bold.ttf"; sourceTree = "<group>"; fileEncoding = undefined; lastKnownFileType = unknown; explicitFileType = undefined; includeInIndex = 0; };
		3FEC9C1237944FC48CB7B061 /* BitcountSingle_Roman-ExtraBold.ttf */ = {isa = PBXFileReference; name = "BitcountSingle_Roman-ExtraBold.ttf"; path = "../../ui/common/public/fonts/Bitcount_Single/static/BitcountSingle_Roman-ExtraBold.ttf"; sourceTree = "<group>"; fileEncoding = undefined; lastKnownFileType = unknown; explicitFileType = undefined; includeInIndex = 0; };
		03F5FB9C99A94B6196369387 /* BitcountSingle_Roman-ExtraLight.ttf */ = {isa = PBXFileReference; name = "BitcountSingle_Roman-ExtraLight.ttf"; path = "../../ui/common/public/fonts/Bitcount_Single/static/BitcountSingle_Roman-ExtraLight.ttf"; sourceTree = "<group>"; fileEncoding = undefined; lastKnownFileType = unknown; explicitFileType = undefined; includeInIndex = 0; };
		8C9986EBA81D498484B52B65 /* BitcountSingle_Roman-Light.ttf */ = {isa = PBXFileReference; name = "BitcountSingle_Roman-Light.ttf"; path = "../../ui/common/public/fonts/Bitcount_Single/static/BitcountSingle_Roman-Light.ttf"; sourceTree = "<group>"; fileEncoding = undefined; lastKnownFileType = unknown; explicitFileType = undefined; includeInIndex = 0; };
		E3E05F0CBAE8434BBF2EF21B /* BitcountSingle_Roman-Medium.ttf */ = {isa = PBXFileReference; name = "BitcountSingle_Roman-Medium.ttf"; path = "../../ui/common/public/fonts/Bitcount_Single/static/BitcountSingle_Roman-Medium.ttf"; sourceTree = "<group>"; fileEncoding = undefined; lastKnownFileType = unknown; explicitFileType = undefined; includeInIndex = 0; };
		0E6A4395D4BE4C6691914F52 /* BitcountSingle_Roman-Regular.ttf */ = {isa = PBXFileReference; name = "BitcountSingle_Roman-Regular.ttf"; path = "../../ui/common/public/fonts/Bitcount_Single/static/BitcountSingle_Roman-Regular.ttf"; sourceTree = "<group>"; fileEncoding = undefined; lastKnownFileType = unknown; explicitFileType = undefined; includeInIndex = 0; };
		1723BC688F0247BD86ADF9DB /* BitcountSingle_Roman-SemiBold.ttf */ = {isa = PBXFileReference; name = "BitcountSingle_Roman-SemiBold.ttf"; path = "../../ui/common/public/fonts/Bitcount_Single/static/BitcountSingle_Roman-SemiBold.ttf"; sourceTree = "<group>"; fileEncoding = undefined; lastKnownFileType = unknown; explicitFileType = undefined; includeInIndex = 0; };
		EE030776F8E34DF6B3AECFF6 /* BitcountSingle_Roman-Thin.ttf */ = {isa = PBXFileReference; name = "BitcountSingle_Roman-Thin.ttf"; path = "../../ui/common/public/fonts/Bitcount_Single/static/BitcountSingle_Roman-Thin.ttf"; sourceTree = "<group>"; fileEncoding = undefined; lastKnownFileType = unknown; explicitFileType = undefined; includeInIndex = 0; };
		A9297D735BDF41F8ADBF6F80 /* Sixtyfour-Regular-VariableFont_BLED,SCAN.ttf */ = {isa = PBXFileReference; name = "Sixtyfour-Regular-VariableFont_BLED,SCAN.ttf"; path = "../../ui/common/public/fonts/Sixtyfour/Sixtyfour-Regular-VariableFont_BLED,SCAN.ttf"; sourceTree = "<group>"; fileEncoding = undefined; lastKnownFileType = unknown; explicitFileType = undefined; includeInIndex = 0; };
		8909B2BC226045D3B5998385 /* SpaceGrotesk-VariableFont_wght.ttf */ = {isa = PBXFileReference; name = "SpaceGrotesk-VariableFont_wght.ttf"; path = "../../ui/common/public/fonts/Space_Grotesk/SpaceGrotesk-VariableFont_wght.ttf"; sourceTree = "<group>"; fileEncoding = undefined; lastKnownFileType = unknown; explicitFileType = undefined; includeInIndex = 0; };
		A6117774A0CD4DA9A342524E /* SpaceGrotesk-Bold.ttf */ = {isa = PBXFileReference; name = "SpaceGrotesk-Bold.ttf"; path = "../../ui/common/public/fonts/Space_Grotesk/static/SpaceGrotesk-Bold.ttf"; sourceTree = "<group>"; fileEncoding = undefined; lastKnownFileType = unknown; explicitFileType = undefined; includeInIndex = 0; };
		FEA6CE3F64E04010B13732E0 /* SpaceGrotesk-Light.ttf */ = {isa = PBXFileReference; name = "SpaceGrotesk-Light.ttf"; path = "../../ui/common/public/fonts/Space_Grotesk/static/SpaceGrotesk-Light.ttf"; sourceTree = "<group>"; fileEncoding = undefined; lastKnownFileType = unknown; explicitFileType = undefined; includeInIndex = 0; };
		5F8C66661F594DEABE8D2B78 /* SpaceGrotesk-Medium.ttf */ = {isa = PBXFileReference; name = "SpaceGrotesk-Medium.ttf"; path = "../../ui/common/public/fonts/Space_Grotesk/static/SpaceGrotesk-Medium.ttf"; sourceTree = "<group>"; fileEncoding = undefined; lastKnownFileType = unknown; explicitFileType = undefined; includeInIndex = 0; };
		6455976C9B6B4129A70DF886 /* SpaceGrotesk-Regular.ttf */ = {isa = PBXFileReference; name = "SpaceGrotesk-Regular.ttf"; path = "../../ui/common/public/fonts/Space_Grotesk/static/SpaceGrotesk-Regular.ttf"; sourceTree = "<group>"; fileEncoding = undefined; lastKnownFileType = unknown; explicitFileType = undefined; includeInIndex = 0; };
		5D2C22AA5DB84C5B8C1FFAE0 /* SpaceGrotesk-SemiBold.ttf */ = {isa = PBXFileReference; name = "SpaceGrotesk-SemiBold.ttf"; path = "../../ui/common/public/fonts/Space_Grotesk/static/SpaceGrotesk-SemiBold.ttf"; sourceTree = "<group>"; fileEncoding = undefined; lastKnownFileType = unknown; explicitFileType = undefined; includeInIndex = 0; };
		FC75427372304270A8970958 /* SyneMono-Regular.ttf */ = {isa = PBXFileReference; name = "SyneMono-Regular.ttf"; path = "../../ui/common/public/fonts/Syne_Mono/SyneMono-Regular.ttf"; sourceTree = "<group>"; fileEncoding = undefined; lastKnownFileType = unknown; explicitFileType = undefined; includeInIndex = 0; };
		1EDE7F3DA8A843928B626C22 /* UbuntuMono-Bold.ttf */ = {isa = PBXFileReference; name = "UbuntuMono-Bold.ttf"; path = "../../ui/common/public/fonts/Ubuntu_Mono/UbuntuMono-Bold.ttf"; sourceTree = "<group>"; fileEncoding = undefined; lastKnownFileType = unknown; explicitFileType = undefined; includeInIndex = 0; };
		20BE61E3F4E7461F922705D6 /* UbuntuMono-BoldItalic.ttf */ = {isa = PBXFileReference; name = "UbuntuMono-BoldItalic.ttf"; path = "../../ui/common/public/fonts/Ubuntu_Mono/UbuntuMono-BoldItalic.ttf"; sourceTree = "<group>"; fileEncoding = undefined; lastKnownFileType = unknown; explicitFileType = undefined; includeInIndex = 0; };
		F3D14D92074A47FF9BBBF261 /* UbuntuMono-Italic.ttf */ = {isa = PBXFileReference; name = "UbuntuMono-Italic.ttf"; path = "../../ui/common/public/fonts/Ubuntu_Mono/UbuntuMono-Italic.ttf"; sourceTree = "<group>"; fileEncoding = undefined; lastKnownFileType = unknown; explicitFileType = undefined; includeInIndex = 0; };
		03B6F6795B944213A2CD7807 /* UbuntuMono-Regular.ttf */ = {isa = PBXFileReference; name = "UbuntuMono-Regular.ttf"; path = "../../ui/common/public/fonts/Ubuntu_Mono/UbuntuMono-Regular.ttf"; sourceTree = "<group>"; fileEncoding = undefined; lastKnownFileType = unknown; explicitFileType = undefined; includeInIndex = 0; };
/* End PBXFileReference section */

/* Begin PBXFrameworksBuildPhase section */
		13B07F8C1A680F5B00A75B9A /* Frameworks */ = {
			isa = PBXFrameworksBuildPhase;
			buildActionMask = 2147483647;
			files = (
				0C80B921A6F3F58F76C31292 /* libPods-App.a in Frameworks */,
			);
			runOnlyForDeploymentPostprocessing = 0;
		};
/* End PBXFrameworksBuildPhase section */

/* Begin PBXGroup section */
		13B07FAE1A68108700A75B9A /* App */ = {
			isa = PBXGroup;
			children = (
				13B07FB51A68108700A75B9A /* Images.xcassets */,
				761780EC2CA45674006654EE /* AppDelegate.swift */,
				13B07FB61A68108700A75B9A /* Info.plist */,
				81AB9BB72411601600AC10FF /* LaunchScreen.storyboard */,
				13B07FB81A68108700A75B9A /* PrivacyInfo.xcprivacy */,
			);
			name = App;
			sourceTree = "<group>";
		};
		2D16E6871FA4F8E400B85C8A /* Frameworks */ = {
			isa = PBXGroup;
			children = (
				ED297162215061F000B7C4FE /* JavaScriptCore.framework */,
				5DCACB8F33CDC322A6C60F78 /* libPods-App.a */,
			);
			name = Frameworks;
			sourceTree = "<group>";
		};
		832341AE1AAA6A7D00B99B32 /* Libraries */ = {
			isa = PBXGroup;
			children = (
			);
			name = Libraries;
			sourceTree = "<group>";
		};
		83CBB9F61A601CBA00E9B192 = {
			isa = PBXGroup;
			children = (
				13B07FAE1A68108700A75B9A /* App */,
				832341AE1AAA6A7D00B99B32 /* Libraries */,
				83CBBA001A601CBA00E9B192 /* Products */,
				2D16E6871FA4F8E400B85C8A /* Frameworks */,
				BBD78D7AC51CEA395F1C20DB /* Pods */,
				830880308E7C4B97AC046189 /* Resources */,
			);
			indentWidth = 2;
			sourceTree = "<group>";
			tabWidth = 2;
			usesTabs = 0;
		};
		83CBBA001A601CBA00E9B192 /* Products */ = {
			isa = PBXGroup;
			children = (
				13B07F961A680F5B00A75B9A /* App.app */,
			);
			name = Products;
			sourceTree = "<group>";
		};
		BBD78D7AC51CEA395F1C20DB /* Pods */ = {
			isa = PBXGroup;
			children = (
				3B4392A12AC88292D35C810B /* Pods-App.debug.xcconfig */,
				5709B34CF0A7D63546082F79 /* Pods-App.release.xcconfig */,
			);
			path = Pods;
			sourceTree = "<group>";
		};
		830880308E7C4B97AC046189 /* Resources */ = {
			isa = "PBXGroup";
			children = (
				C88EB414CDBD49F399D5CEE2 /* Michroma-Regular.ttf */,
				E5EB49C3A2A848D8934F905C /* Quantico-Bold.ttf */,
				995F558A58C645598DEA248A /* Quantico-BoldItalic.ttf */,
				6A395A26D470436596CDEBAD /* Quantico-Italic.ttf */,
				8E3498D75B3C4A4BB7876EE3 /* Quantico-Regular.ttf */,
				82CA03FD2D5D486BB28EB13E /* SpecialElite-Regular.ttf */,
				7B04B91D01AB4249B83C68CF /* Syncopate-Bold.ttf */,
				D4CA9F10A09A4393AC0014DA /* Syncopate-Regular.ttf */,
				BF138434949D4537A83F3E4A /* OFL.txt */,
				CE6C4F443847453E9803CBDC /* README.txt */,
				A6D7A0D6055048F0A992B547 /* OFL.txt */,
				AFF92778BB52418F817615D5 /* OFL.txt */,
				9448E9A3B6C44CAFBCEC20EC /* OFL.txt */,
				B909F0974D964E5F9E962844 /* README.txt */,
				2A334AC477664D659E9E8916 /* OFL.txt */,
				3A6216508CEE4B9C8EB0D145 /* README.txt */,
				9BDC385CF93544B88578B018 /* LICENSE.txt */,
				E0BFC9D43E3240DEBF35213C /* OFL.txt */,
				74200DEC543845E4ADF0E2D7 /* UFL.txt */,
				D3BCEDE8EDDC4D95BC44FF77 /* BitcountSingle-VariableFont_CRSV,ELSH,ELXP,slnt,wght.ttf */,
				3712DCB486134778B7BFD1EC /* BitcountSingle-Black.ttf */,
				277CF0D970714284B5B1BCAA /* BitcountSingle-Bold.ttf */,
				8E3F38502AEE469EAAE74DBC /* BitcountSingle-ExtraBold.ttf */,
				73A937701BAF41A1BBC530C8 /* BitcountSingle-ExtraLight.ttf */,
				AC8DF21730D54A9D8C9B823D /* BitcountSingle-Light.ttf */,
				005DEEB19F4249C689085C45 /* BitcountSingle-Medium.ttf */,
				560BBD649A6649B88299FA06 /* BitcountSingle-Regular.ttf */,
				C3F67B80B6484A81982CD7F7 /* BitcountSingle-SemiBold.ttf */,
				B6157D40DDE64EDEA882C34B /* BitcountSingle-Thin.ttf */,
				679D862FFD8B4434BCB0596B /* BitcountSingle_Cursive-Black.ttf */,
				7BD9724299F3467BB8FF8217 /* BitcountSingle_Cursive-Bold.ttf */,
				D5754621556E41B783328EB1 /* BitcountSingle_Cursive-ExtraBold.ttf */,
				266842ADED384FAC849FC872 /* BitcountSingle_Cursive-ExtraLight.ttf */,
				47779F534AA440BBBC833D6E /* BitcountSingle_Cursive-Light.ttf */,
				D9E97CBFD38D4B738EF0C51B /* BitcountSingle_Cursive-Medium.ttf */,
				F0AD181523EA4E918B4A8299 /* BitcountSingle_Cursive-Regular.ttf */,
				FCD9442C4E7542528C15C541 /* BitcountSingle_Cursive-SemiBold.ttf */,
				00909DBE1BF94DEFB2130966 /* BitcountSingle_Cursive-Thin.ttf */,
				CA6D82222BB94E4BB790D867 /* BitcountSingle_Roman-Black.ttf */,
				4739B2BCFE1D4D9DB1C59FB2 /* BitcountSingle_Roman-Bold.ttf */,
				3FEC9C1237944FC48CB7B061 /* BitcountSingle_Roman-ExtraBold.ttf */,
				03F5FB9C99A94B6196369387 /* BitcountSingle_Roman-ExtraLight.ttf */,
				8C9986EBA81D498484B52B65 /* BitcountSingle_Roman-Light.ttf */,
				E3E05F0CBAE8434BBF2EF21B /* BitcountSingle_Roman-Medium.ttf */,
				0E6A4395D4BE4C6691914F52 /* BitcountSingle_Roman-Regular.ttf */,
				1723BC688F0247BD86ADF9DB /* BitcountSingle_Roman-SemiBold.ttf */,
				EE030776F8E34DF6B3AECFF6 /* BitcountSingle_Roman-Thin.ttf */,
				A9297D735BDF41F8ADBF6F80 /* Sixtyfour-Regular-VariableFont_BLED,SCAN.ttf */,
				8909B2BC226045D3B5998385 /* SpaceGrotesk-VariableFont_wght.ttf */,
				A6117774A0CD4DA9A342524E /* SpaceGrotesk-Bold.ttf */,
				FEA6CE3F64E04010B13732E0 /* SpaceGrotesk-Light.ttf */,
				5F8C66661F594DEABE8D2B78 /* SpaceGrotesk-Medium.ttf */,
				6455976C9B6B4129A70DF886 /* SpaceGrotesk-Regular.ttf */,
				5D2C22AA5DB84C5B8C1FFAE0 /* SpaceGrotesk-SemiBold.ttf */,
				FC75427372304270A8970958 /* SyneMono-Regular.ttf */,
				1EDE7F3DA8A843928B626C22 /* UbuntuMono-Bold.ttf */,
				20BE61E3F4E7461F922705D6 /* UbuntuMono-BoldItalic.ttf */,
				F3D14D92074A47FF9BBBF261 /* UbuntuMono-Italic.ttf */,
				03B6F6795B944213A2CD7807 /* UbuntuMono-Regular.ttf */,
			);
			name = Resources;
			sourceTree = "<group>";
			path = "";
		};
/* End PBXGroup section */

/* Begin PBXNativeTarget section */
		13B07F861A680F5B00A75B9A /* App */ = {
			isa = PBXNativeTarget;
			buildConfigurationList = 13B07F931A680F5B00A75B9A /* Build configuration list for PBXNativeTarget "App" */;
			buildPhases = (
				C38B50BA6285516D6DCD4F65 /* [CP] Check Pods Manifest.lock */,
				13B07F871A680F5B00A75B9A /* Sources */,
				13B07F8C1A680F5B00A75B9A /* Frameworks */,
				13B07F8E1A680F5B00A75B9A /* Resources */,
				00DD1BFF1BD5951E006B06BC /* Bundle React Native code and images */,
				00EEFC60759A1932668264C0 /* [CP] Embed Pods Frameworks */,
				E235C05ADACE081382539298 /* [CP] Copy Pods Resources */,
			);
			buildRules = (
			);
			dependencies = (
			);
			name = App;
			productName = App;
			productReference = 13B07F961A680F5B00A75B9A /* App.app */;
			productType = "com.apple.product-type.application";
		};
/* End PBXNativeTarget section */

/* Begin PBXProject section */
		83CBB9F71A601CBA00E9B192 /* Project object */ = {
			isa = PBXProject;
			attributes = {
				LastUpgradeCheck = 1210;
				TargetAttributes = {
					13B07F861A680F5B00A75B9A = {
						LastSwiftMigration = 1120;
					};
				};
			};
			buildConfigurationList = 83CBB9FA1A601CBA00E9B192 /* Build configuration list for PBXProject "App" */;
			compatibilityVersion = "Xcode 12.0";
			developmentRegion = en;
			hasScannedForEncodings = 0;
			knownRegions = (
				en,
				Base,
			);
			mainGroup = 83CBB9F61A601CBA00E9B192;
			productRefGroup = 83CBBA001A601CBA00E9B192 /* Products */;
			projectDirPath = "";
			projectRoot = "";
			targets = (
				13B07F861A680F5B00A75B9A /* App */,
			);
		};
/* End PBXProject section */

/* Begin PBXResourcesBuildPhase section */
		13B07F8E1A680F5B00A75B9A /* Resources */ = {
			isa = PBXResourcesBuildPhase;
			buildActionMask = 2147483647;
			files = (
				81AB9BB82411601600AC10FF /* LaunchScreen.storyboard in Resources */,
				13B07FBF1A68108700A75B9A /* Images.xcassets in Resources */,
				7FB996EF418B409F8B3712B9 /* Michroma-Regular.ttf in Resources */,
				9BC8B46B2FF14E8C8407D278 /* Quantico-Bold.ttf in Resources */,
				E8BED45C344D4E55A8E4EA25 /* Quantico-BoldItalic.ttf in Resources */,
				636683DEB16E46718C739D05 /* Quantico-Italic.ttf in Resources */,
				A339AEF84CE4439A92A945CA /* Quantico-Regular.ttf in Resources */,
				61DE980267DC4C4FA44777F6 /* SpecialElite-Regular.ttf in Resources */,
				82A4649D3E874AA7839E42B7 /* Syncopate-Bold.ttf in Resources */,
				FED0252009E04F61802593BA /* Syncopate-Regular.ttf in Resources */,
				E92175C1F79F48FCA7DAC953 /* OFL.txt in Resources */,
				B13D3C5C39D149A3948B6AE3 /* README.txt in Resources */,
				505200341F1D46ACB5884862 /* OFL.txt in Resources */,
				BE4D62C669354F218073D20A /* OFL.txt in Resources */,
				0261FC9C66B242798504579D /* OFL.txt in Resources */,
				C86EF2CA74FC43D681ADB0B8 /* README.txt in Resources */,
				A6FE716A6C76457B99333314 /* OFL.txt in Resources */,
				B999B7DDFA644EFB9251075F /* README.txt in Resources */,
				512B0256C7F346A58D754552 /* LICENSE.txt in Resources */,
				9D18425C36994A71890F443F /* OFL.txt in Resources */,
				8EE9121848A446398E3DF111 /* UFL.txt in Resources */,
				8CDE6497BDCA43EEA06932FE /* BitcountSingle-VariableFont_CRSV,ELSH,ELXP,slnt,wght.ttf in Resources */,
				FFF6B6039365443B82BABE12 /* BitcountSingle-Black.ttf in Resources */,
				E36903BD605F4E60BAA77192 /* BitcountSingle-Bold.ttf in Resources */,
				B93B54D8C14D4DFDB6B21DC3 /* BitcountSingle-ExtraBold.ttf in Resources */,
				CEAE787F695E47CEA6603D1F /* BitcountSingle-ExtraLight.ttf in Resources */,
				BB3978545A944773A246C0E7 /* BitcountSingle-Light.ttf in Resources */,
				4642BE6354E84010B844BAF1 /* BitcountSingle-Medium.ttf in Resources */,
				E9508D4C478A4896B63F7A1A /* BitcountSingle-Regular.ttf in Resources */,
				32186ECD3B714C8BBE6C7814 /* BitcountSingle-SemiBold.ttf in Resources */,
				B5187E909B1B4ABC8F64CD93 /* BitcountSingle-Thin.ttf in Resources */,
				7C0DE29BD55F41848BAEBA0D /* BitcountSingle_Cursive-Black.ttf in Resources */,
				DE7D04799E4347248FD66E62 /* BitcountSingle_Cursive-Bold.ttf in Resources */,
				AC3BD93AB0DA43C6B8368EF5 /* BitcountSingle_Cursive-ExtraBold.ttf in Resources */,
				E998389F1CDC4D9D9AA516AE /* BitcountSingle_Cursive-ExtraLight.ttf in Resources */,
				E55B9D66C5D145E297C7EFBD /* BitcountSingle_Cursive-Light.ttf in Resources */,
				893075E978CB4228BD6721D4 /* BitcountSingle_Cursive-Medium.ttf in Resources */,
				BD7F4F51F2EA467FA4CA57A3 /* BitcountSingle_Cursive-Regular.ttf in Resources */,
				558BD5A9BCF547D28ED6F8BE /* BitcountSingle_Cursive-SemiBold.ttf in Resources */,
				C51998B91DB44F8B8C6F303A /* BitcountSingle_Cursive-Thin.ttf in Resources */,
				D780419ADB104EB684406AF4 /* BitcountSingle_Roman-Black.ttf in Resources */,
				5B4FF92721914BAE8D985EE5 /* BitcountSingle_Roman-Bold.ttf in Resources */,
				E963BF4E54BF431C8180DFD5 /* BitcountSingle_Roman-ExtraBold.ttf in Resources */,
				BA54FF66493A464BB693E8E7 /* BitcountSingle_Roman-ExtraLight.ttf in Resources */,
				DFE7733162AE41DE80029B77 /* BitcountSingle_Roman-Light.ttf in Resources */,
				57E1B06FE4B74066BFC781AE /* BitcountSingle_Roman-Medium.ttf in Resources */,
				D4979DD7C57E4E658E1371D3 /* BitcountSingle_Roman-Regular.ttf in Resources */,
				807335EC83504ED0A7786C2D /* BitcountSingle_Roman-SemiBold.ttf in Resources */,
				5FF449ED49EC44798F1DD365 /* BitcountSingle_Roman-Thin.ttf in Resources */,
				557D8409F6EC4BF9A556573F /* Sixtyfour-Regular-VariableFont_BLED,SCAN.ttf in Resources */,
				6EE1E24367A546898872CE4E /* SpaceGrotesk-VariableFont_wght.ttf in Resources */,
				B7580523A7584206A4A2386A /* SpaceGrotesk-Bold.ttf in Resources */,
				C7BFF950F2024130BE640A4C /* SpaceGrotesk-Light.ttf in Resources */,
				17522EC7BE734DDA901346CD /* SpaceGrotesk-Medium.ttf in Resources */,
				41582AC20EFC4316B7498FAF /* SpaceGrotesk-Regular.ttf in Resources */,
				211691C77E9A4654B6601F0E /* SpaceGrotesk-SemiBold.ttf in Resources */,
				DE4B56F99A094A9DBF7F4536 /* SyneMono-Regular.ttf in Resources */,
				BC3E8EBD2BCA42138113DD9B /* UbuntuMono-Bold.ttf in Resources */,
				8BC04AAAFBC84CCFB50C8ECA /* UbuntuMono-BoldItalic.ttf in Resources */,
				ACC91A59C8934BD884AB6184 /* UbuntuMono-Italic.ttf in Resources */,
				11ECDB3AC70545E799FDBF69 /* UbuntuMono-Regular.ttf in Resources */,
			);
			runOnlyForDeploymentPostprocessing = 0;
		};
/* End PBXResourcesBuildPhase section */

/* Begin PBXShellScriptBuildPhase section */
		00DD1BFF1BD5951E006B06BC /* Bundle React Native code and images */ = {
			isa = PBXShellScriptBuildPhase;
			buildActionMask = 2147483647;
			files = (
			);
			inputPaths = (
				"$(SRCROOT)/.xcode.env.local",
				"$(SRCROOT)/.xcode.env",
			);
			name = "Bundle React Native code and images";
			outputPaths = (
			);
			runOnlyForDeploymentPostprocessing = 0;
			shellPath = /bin/sh;
			shellScript = "set -e\n\nWITH_ENVIRONMENT=\"$REACT_NATIVE_PATH/scripts/xcode/with-environment.sh\"\nREACT_NATIVE_XCODE=\"$REACT_NATIVE_PATH/scripts/react-native-xcode.sh\"\n\n/bin/sh -c \"\\\"$WITH_ENVIRONMENT\\\" \\\"$REACT_NATIVE_XCODE\\\"\"\n";
		};
		00EEFC60759A1932668264C0 /* [CP] Embed Pods Frameworks */ = {
			isa = PBXShellScriptBuildPhase;
			buildActionMask = 2147483647;
			files = (
			);
			inputFileListPaths = (
				"${PODS_ROOT}/Target Support Files/Pods-App/Pods-App-frameworks-${CONFIGURATION}-input-files.xcfilelist",
			);
			name = "[CP] Embed Pods Frameworks";
			outputFileListPaths = (
				"${PODS_ROOT}/Target Support Files/Pods-App/Pods-App-frameworks-${CONFIGURATION}-output-files.xcfilelist",
			);
			runOnlyForDeploymentPostprocessing = 0;
			shellPath = /bin/sh;
			shellScript = "\"${PODS_ROOT}/Target Support Files/Pods-App/Pods-App-frameworks.sh\"\n";
			showEnvVarsInLog = 0;
		};
		C38B50BA6285516D6DCD4F65 /* [CP] Check Pods Manifest.lock */ = {
			isa = PBXShellScriptBuildPhase;
			buildActionMask = 2147483647;
			files = (
			);
			inputFileListPaths = (
			);
			inputPaths = (
				"${PODS_PODFILE_DIR_PATH}/Podfile.lock",
				"${PODS_ROOT}/Manifest.lock",
			);
			name = "[CP] Check Pods Manifest.lock";
			outputFileListPaths = (
			);
			outputPaths = (
				"$(DERIVED_FILE_DIR)/Pods-App-checkManifestLockResult.txt",
			);
			runOnlyForDeploymentPostprocessing = 0;
			shellPath = /bin/sh;
			shellScript = "diff \"${PODS_PODFILE_DIR_PATH}/Podfile.lock\" \"${PODS_ROOT}/Manifest.lock\" > /dev/null\nif [ $? != 0 ] ; then\n    # print error to STDERR\n    echo \"error: The sandbox is not in sync with the Podfile.lock. Run 'pod install' or update your CocoaPods installation.\" >&2\n    exit 1\nfi\n# This output is used by Xcode 'outputs' to avoid re-running this script phase.\necho \"SUCCESS\" > \"${SCRIPT_OUTPUT_FILE_0}\"\n";
			showEnvVarsInLog = 0;
		};
		E235C05ADACE081382539298 /* [CP] Copy Pods Resources */ = {
			isa = PBXShellScriptBuildPhase;
			buildActionMask = 2147483647;
			files = (
			);
			inputFileListPaths = (
				"${PODS_ROOT}/Target Support Files/Pods-App/Pods-App-resources-${CONFIGURATION}-input-files.xcfilelist",
			);
			name = "[CP] Copy Pods Resources";
			outputFileListPaths = (
				"${PODS_ROOT}/Target Support Files/Pods-App/Pods-App-resources-${CONFIGURATION}-output-files.xcfilelist",
			);
			runOnlyForDeploymentPostprocessing = 0;
			shellPath = /bin/sh;
			shellScript = "\"${PODS_ROOT}/Target Support Files/Pods-App/Pods-App-resources.sh\"\n";
			showEnvVarsInLog = 0;
		};
/* End PBXShellScriptBuildPhase section */

/* Begin PBXSourcesBuildPhase section */
		13B07F871A680F5B00A75B9A /* Sources */ = {
			isa = PBXSourcesBuildPhase;
			buildActionMask = 2147483647;
			files = (
				761780ED2CA45674006654EE /* AppDelegate.swift in Sources */,
			);
			runOnlyForDeploymentPostprocessing = 0;
		};
/* End PBXSourcesBuildPhase section */

/* Begin XCBuildConfiguration section */
		13B07F941A680F5B00A75B9A /* Debug */ = {
			isa = XCBuildConfiguration;
			baseConfigurationReference = 3B4392A12AC88292D35C810B /* Pods-App.debug.xcconfig */;
			buildSettings = {
				ASSETCATALOG_COMPILER_APPICON_NAME = AppIcon;
				CLANG_ENABLE_MODULES = YES;
				CURRENT_PROJECT_VERSION = 1;
				ENABLE_BITCODE = NO;
				INFOPLIST_FILE = App/Info.plist;
				IPHONEOS_DEPLOYMENT_TARGET = 15.1;
				LD_RUNPATH_SEARCH_PATHS = (
					"$(inherited)",
					"@executable_path/Frameworks",
				);
				MARKETING_VERSION = 1.0;
				OTHER_LDFLAGS = (
					"$(inherited)",
					"-ObjC",
					"-lc++",
				);
				PRODUCT_BUNDLE_IDENTIFIER = "org.reactjs.native.example.$(PRODUCT_NAME:rfc1034identifier)";
				PRODUCT_NAME = App;
				SWIFT_OPTIMIZATION_LEVEL = "-Onone";
				SWIFT_VERSION = 5.0;
				VERSIONING_SYSTEM = "apple-generic";
			};
			name = Debug;
		};
		13B07F951A680F5B00A75B9A /* Release */ = {
			isa = XCBuildConfiguration;
			baseConfigurationReference = 5709B34CF0A7D63546082F79 /* Pods-App.release.xcconfig */;
			buildSettings = {
				ASSETCATALOG_COMPILER_APPICON_NAME = AppIcon;
				CLANG_ENABLE_MODULES = YES;
				CURRENT_PROJECT_VERSION = 1;
				INFOPLIST_FILE = App/Info.plist;
				IPHONEOS_DEPLOYMENT_TARGET = 15.1;
				LD_RUNPATH_SEARCH_PATHS = (
					"$(inherited)",
					"@executable_path/Frameworks",
				);
				MARKETING_VERSION = 1.0;
				OTHER_LDFLAGS = (
					"$(inherited)",
					"-ObjC",
					"-lc++",
				);
				PRODUCT_BUNDLE_IDENTIFIER = "org.reactjs.native.example.$(PRODUCT_NAME:rfc1034identifier)";
				PRODUCT_NAME = App;
				SWIFT_VERSION = 5.0;
				VERSIONING_SYSTEM = "apple-generic";
			};
			name = Release;
		};
		83CBBA201A601CBA00E9B192 /* Debug */ = {
			isa = XCBuildConfiguration;
			buildSettings = {
				ALWAYS_SEARCH_USER_PATHS = NO;
				CLANG_ANALYZER_LOCALIZABILITY_NONLOCALIZED = YES;
				CLANG_CXX_LANGUAGE_STANDARD = "c++20";
				CLANG_CXX_LIBRARY = "libc++";
				CLANG_ENABLE_MODULES = YES;
				CLANG_ENABLE_OBJC_ARC = YES;
				CLANG_WARN_BLOCK_CAPTURE_AUTORELEASING = YES;
				CLANG_WARN_BOOL_CONVERSION = YES;
				CLANG_WARN_COMMA = YES;
				CLANG_WARN_CONSTANT_CONVERSION = YES;
				CLANG_WARN_DEPRECATED_OBJC_IMPLEMENTATIONS = YES;
				CLANG_WARN_DIRECT_OBJC_ISA_USAGE = YES_ERROR;
				CLANG_WARN_EMPTY_BODY = YES;
				CLANG_WARN_ENUM_CONVERSION = YES;
				CLANG_WARN_INFINITE_RECURSION = YES;
				CLANG_WARN_INT_CONVERSION = YES;
				CLANG_WARN_NON_LITERAL_NULL_CONVERSION = YES;
				CLANG_WARN_OBJC_IMPLICIT_RETAIN_SELF = YES;
				CLANG_WARN_OBJC_LITERAL_CONVERSION = YES;
				CLANG_WARN_OBJC_ROOT_CLASS = YES_ERROR;
				CLANG_WARN_QUOTED_INCLUDE_IN_FRAMEWORK_HEADER = YES;
				CLANG_WARN_RANGE_LOOP_ANALYSIS = YES;
				CLANG_WARN_STRICT_PROTOTYPES = YES;
				CLANG_WARN_SUSPICIOUS_MOVE = YES;
				CLANG_WARN_UNREACHABLE_CODE = YES;
				CLANG_WARN__DUPLICATE_METHOD_MATCH = YES;
				"CODE_SIGN_IDENTITY[sdk=iphoneos*]" = "iPhone Developer";
				COPY_PHASE_STRIP = NO;
				ENABLE_STRICT_OBJC_MSGSEND = YES;
				ENABLE_TESTABILITY = YES;
				"EXCLUDED_ARCHS[sdk=iphonesimulator*]" = "";
				GCC_C_LANGUAGE_STANDARD = gnu99;
				GCC_DYNAMIC_NO_PIC = NO;
				GCC_NO_COMMON_BLOCKS = YES;
				GCC_OPTIMIZATION_LEVEL = 0;
				GCC_PREPROCESSOR_DEFINITIONS = (
					"DEBUG=1",
					"$(inherited)",
				);
				GCC_SYMBOLS_PRIVATE_EXTERN = NO;
				GCC_WARN_64_TO_32_BIT_CONVERSION = YES;
				GCC_WARN_ABOUT_RETURN_TYPE = YES_ERROR;
				GCC_WARN_UNDECLARED_SELECTOR = YES;
				GCC_WARN_UNINITIALIZED_AUTOS = YES_AGGRESSIVE;
				GCC_WARN_UNUSED_FUNCTION = YES;
				GCC_WARN_UNUSED_VARIABLE = YES;
				IPHONEOS_DEPLOYMENT_TARGET = 15.1;
				LD_RUNPATH_SEARCH_PATHS = (
					/usr/lib/swift,
					"$(inherited)",
				);
				LIBRARY_SEARCH_PATHS = (
					"\"$(SDKROOT)/usr/lib/swift\"",
					"\"$(TOOLCHAIN_DIR)/usr/lib/swift/$(PLATFORM_NAME)\"",
					"\"$(inherited)\"",
				);
				MTL_ENABLE_DEBUG_INFO = YES;
				ONLY_ACTIVE_ARCH = YES;
				OTHER_CPLUSPLUSFLAGS = (
					"$(OTHER_CFLAGS)",
					"-DFOLLY_NO_CONFIG",
					"-DFOLLY_MOBILE=1",
					"-DFOLLY_USE_LIBCPP=1",
					"-DFOLLY_CFG_NO_COROUTINES=1",
					"-DFOLLY_HAVE_CLOCK_GETTIME=1",
				);
				SDKROOT = iphoneos;
			};
			name = Debug;
		};
		83CBBA211A601CBA00E9B192 /* Release */ = {
			isa = XCBuildConfiguration;
			buildSettings = {
				ALWAYS_SEARCH_USER_PATHS = NO;
				CLANG_ANALYZER_LOCALIZABILITY_NONLOCALIZED = YES;
				CLANG_CXX_LANGUAGE_STANDARD = "c++20";
				CLANG_CXX_LIBRARY = "libc++";
				CLANG_ENABLE_MODULES = YES;
				CLANG_ENABLE_OBJC_ARC = YES;
				CLANG_WARN_BLOCK_CAPTURE_AUTORELEASING = YES;
				CLANG_WARN_BOOL_CONVERSION = YES;
				CLANG_WARN_COMMA = YES;
				CLANG_WARN_CONSTANT_CONVERSION = YES;
				CLANG_WARN_DEPRECATED_OBJC_IMPLEMENTATIONS = YES;
				CLANG_WARN_DIRECT_OBJC_ISA_USAGE = YES_ERROR;
				CLANG_WARN_EMPTY_BODY = YES;
				CLANG_WARN_ENUM_CONVERSION = YES;
				CLANG_WARN_INFINITE_RECURSION = YES;
				CLANG_WARN_INT_CONVERSION = YES;
				CLANG_WARN_NON_LITERAL_NULL_CONVERSION = YES;
				CLANG_WARN_OBJC_IMPLICIT_RETAIN_SELF = YES;
				CLANG_WARN_OBJC_LITERAL_CONVERSION = YES;
				CLANG_WARN_OBJC_ROOT_CLASS = YES_ERROR;
				CLANG_WARN_QUOTED_INCLUDE_IN_FRAMEWORK_HEADER = YES;
				CLANG_WARN_RANGE_LOOP_ANALYSIS = YES;
				CLANG_WARN_STRICT_PROTOTYPES = YES;
				CLANG_WARN_SUSPICIOUS_MOVE = YES;
				CLANG_WARN_UNREACHABLE_CODE = YES;
				CLANG_WARN__DUPLICATE_METHOD_MATCH = YES;
				"CODE_SIGN_IDENTITY[sdk=iphoneos*]" = "iPhone Developer";
				COPY_PHASE_STRIP = YES;
				ENABLE_NS_ASSERTIONS = NO;
				ENABLE_STRICT_OBJC_MSGSEND = YES;
				"EXCLUDED_ARCHS[sdk=iphonesimulator*]" = "";
				GCC_C_LANGUAGE_STANDARD = gnu99;
				GCC_NO_COMMON_BLOCKS = YES;
				GCC_WARN_64_TO_32_BIT_CONVERSION = YES;
				GCC_WARN_ABOUT_RETURN_TYPE = YES_ERROR;
				GCC_WARN_UNDECLARED_SELECTOR = YES;
				GCC_WARN_UNINITIALIZED_AUTOS = YES_AGGRESSIVE;
				GCC_WARN_UNUSED_FUNCTION = YES;
				GCC_WARN_UNUSED_VARIABLE = YES;
				IPHONEOS_DEPLOYMENT_TARGET = 15.1;
				LD_RUNPATH_SEARCH_PATHS = (
					/usr/lib/swift,
					"$(inherited)",
				);
				LIBRARY_SEARCH_PATHS = (
					"\"$(SDKROOT)/usr/lib/swift\"",
					"\"$(TOOLCHAIN_DIR)/usr/lib/swift/$(PLATFORM_NAME)\"",
					"\"$(inherited)\"",
				);
				MTL_ENABLE_DEBUG_INFO = NO;
				OTHER_CPLUSPLUSFLAGS = (
					"$(OTHER_CFLAGS)",
					"-DFOLLY_NO_CONFIG",
					"-DFOLLY_MOBILE=1",
					"-DFOLLY_USE_LIBCPP=1",
					"-DFOLLY_CFG_NO_COROUTINES=1",
					"-DFOLLY_HAVE_CLOCK_GETTIME=1",
				);
				SDKROOT = iphoneos;
				VALIDATE_PRODUCT = YES;
			};
			name = Release;
		};
/* End XCBuildConfiguration section */

/* Begin XCConfigurationList section */
		13B07F931A680F5B00A75B9A /* Build configuration list for PBXNativeTarget "App" */ = {
			isa = XCConfigurationList;
			buildConfigurations = (
				13B07F941A680F5B00A75B9A /* Debug */,
				13B07F951A680F5B00A75B9A /* Release */,
			);
			defaultConfigurationIsVisible = 0;
			defaultConfigurationName = Release;
		};
		83CBB9FA1A601CBA00E9B192 /* Build configuration list for PBXProject "App" */ = {
			isa = XCConfigurationList;
			buildConfigurations = (
				83CBBA201A601CBA00E9B192 /* Debug */,
				83CBBA211A601CBA00E9B192 /* Release */,
			);
			defaultConfigurationIsVisible = 0;
			defaultConfigurationName = Release;
		};
/* End XCConfigurationList section */
	};
	rootObject = 83CBB9F71A601CBA00E9B192 /* Project object */;
}
