// !$*UTF8*$!
{
	archiveVersion = 1;
	classes = {
	};
	objectVersion = 54;
	objects = {

/* Begin PBXBuildFile section */
		0C80B921A6F3F58F76C31292 /* libPods-App.a in Frameworks */ = {isa = PBXBuildFile; fileRef = 5DCACB8F33CDC322A6C60F78 /* libPods-App.a */; };
		13B07FBF1A68108700A75B9A /* Images.xcassets in Resources */ = {isa = PBXBuildFile; fileRef = 13B07FB51A68108700A75B9A /* Images.xcassets */; };
		761780ED2CA45674006654EE /* AppDelegate.swift in Sources */ = {isa = PBXBuildFile; fileRef = 761780EC2CA45674006654EE /* AppDelegate.swift */; };
		81AB9BB82411601600AC10FF /* LaunchScreen.storyboard in Resources */ = {isa = PBXBuildFile; fileRef = 81AB9BB72411601600AC10FF /* LaunchScreen.storyboard */; };
		F53A0C3576DB4223A0A915C1 /* BitcountSingle-VariableFont_CRSV,ELSH,ELXP,slnt,wght.ttf in Resources */ = {isa = PBXBuildFile; fileRef = 1630510A4A1A4812800FE54C /* BitcountSingle-VariableFont_CRSV,ELSH,ELXP,slnt,wght.ttf */; };
		8BE00C6DE68346A2B0544FBB /* BitcountSingle-Black.ttf in Resources */ = {isa = PBXBuildFile; fileRef = F46B81F79DD14E4981663C46 /* BitcountSingle-Black.ttf */; };
		88CCF60FFC2C4CD99C497A44 /* BitcountSingle-Bold.ttf in Resources */ = {isa = PBXBuildFile; fileRef = 61A8B291AB4943FC9ADCEB8B /* BitcountSingle-Bold.ttf */; };
		025C80E2AD844C62BBDA6FF4 /* BitcountSingle-ExtraBold.ttf in Resources */ = {isa = PBXBuildFile; fileRef = A32A7C392CAB4085AB292E20 /* BitcountSingle-ExtraBold.ttf */; };
		CFE4A008A2F9477699A2EBA3 /* BitcountSingle-ExtraLight.ttf in Resources */ = {isa = PBXBuildFile; fileRef = A0FCD18D141348C9AF382582 /* BitcountSingle-ExtraLight.ttf */; };
		0F5A0C038D1D49B6BDA297D4 /* BitcountSingle-Light.ttf in Resources */ = {isa = PBXBuildFile; fileRef = E28507D8C67A413298D0A8A0 /* BitcountSingle-Light.ttf */; };
		BE0929BBE59F44F5B6D59BA1 /* BitcountSingle-Medium.ttf in Resources */ = {isa = PBXBuildFile; fileRef = 3DC437D264DB4E18A10047A6 /* BitcountSingle-Medium.ttf */; };
		58DF3E0D7FD04E33A82A892C /* BitcountSingle-Regular.ttf in Resources */ = {isa = PBXBuildFile; fileRef = D9A900DA71A747428D860683 /* BitcountSingle-Regular.ttf */; };
		4A7D423DECE24DBC9AF5DC84 /* BitcountSingle-SemiBold.ttf in Resources */ = {isa = PBXBuildFile; fileRef = A35C7747727449BC9337DD51 /* BitcountSingle-SemiBold.ttf */; };
		3D93F318C4584D52AE4BE01A /* BitcountSingle-Thin.ttf in Resources */ = {isa = PBXBuildFile; fileRef = 310A2EDB6DA5460E83D82B51 /* BitcountSingle-Thin.ttf */; };
		4970F47B62FB43B98C8F3F9A /* BitcountSingle_Cursive-Black.ttf in Resources */ = {isa = PBXBuildFile; fileRef = D5784902D57147DA852BA8BC /* BitcountSingle_Cursive-Black.ttf */; };
		B97B8AB7B4AE4EC2AD444F1D /* BitcountSingle_Cursive-Bold.ttf in Resources */ = {isa = PBXBuildFile; fileRef = 66F11DD0A7CB4DF0BF1BEC1F /* BitcountSingle_Cursive-Bold.ttf */; };
		958FE5C064524834A91D65A5 /* BitcountSingle_Cursive-ExtraBold.ttf in Resources */ = {isa = PBXBuildFile; fileRef = D3920733D36D480F9F58AD6E /* BitcountSingle_Cursive-ExtraBold.ttf */; };
		DB1D2C6918694FDA8F36BB61 /* BitcountSingle_Cursive-ExtraLight.ttf in Resources */ = {isa = PBXBuildFile; fileRef = 065D98338454491297A008EC /* BitcountSingle_Cursive-ExtraLight.ttf */; };
		0722A5C22965438DAC1F4F08 /* BitcountSingle_Cursive-Light.ttf in Resources */ = {isa = PBXBuildFile; fileRef = A65F0C30EF17495C9344B13F /* BitcountSingle_Cursive-Light.ttf */; };
		BDFAFDEE2B66489689135D50 /* BitcountSingle_Cursive-Medium.ttf in Resources */ = {isa = PBXBuildFile; fileRef = 701A0A8077BD4116A45644B5 /* BitcountSingle_Cursive-Medium.ttf */; };
		86F306ABE99243BB80A1AE99 /* BitcountSingle_Cursive-Regular.ttf in Resources */ = {isa = PBXBuildFile; fileRef = 0D7395592F05422BBDF1314C /* BitcountSingle_Cursive-Regular.ttf */; };
		408B7E19A89D44DF8E5B9C23 /* BitcountSingle_Cursive-SemiBold.ttf in Resources */ = {isa = PBXBuildFile; fileRef = A8A06C1B5AA047A4ABB0A3D9 /* BitcountSingle_Cursive-SemiBold.ttf */; };
		E266070C228645DBA243F895 /* BitcountSingle_Cursive-Thin.ttf in Resources */ = {isa = PBXBuildFile; fileRef = 8652CE7B81134E6B930131A4 /* BitcountSingle_Cursive-Thin.ttf */; };
		66DA3981B1AC44BB8F3B011F /* BitcountSingle_Roman-Black.ttf in Resources */ = {isa = PBXBuildFile; fileRef = 7491E7CEAB054039B96F1822 /* BitcountSingle_Roman-Black.ttf */; };
		9CD67D94182B49EB88CC0B4D /* BitcountSingle_Roman-Bold.ttf in Resources */ = {isa = PBXBuildFile; fileRef = 755AD76F27B844A8ADED4AF1 /* BitcountSingle_Roman-Bold.ttf */; };
		28D6AAD45D174F2988B60AB3 /* BitcountSingle_Roman-ExtraBold.ttf in Resources */ = {isa = PBXBuildFile; fileRef = 537D07A7570544FFA2FC6917 /* BitcountSingle_Roman-ExtraBold.ttf */; };
		42024FFCE107404C8AAB4FD0 /* BitcountSingle_Roman-ExtraLight.ttf in Resources */ = {isa = PBXBuildFile; fileRef = 59C5B09F16A3457BB92ED78A /* BitcountSingle_Roman-ExtraLight.ttf */; };
		CC4ADE70F46841F393CA1FBB /* BitcountSingle_Roman-Light.ttf in Resources */ = {isa = PBXBuildFile; fileRef = 1CEF628A67F14755BE55EB4A /* BitcountSingle_Roman-Light.ttf */; };
		08D9ADA2B26C427BB8AD7CE8 /* BitcountSingle_Roman-Medium.ttf in Resources */ = {isa = PBXBuildFile; fileRef = 54994438C81147C393AA40B0 /* BitcountSingle_Roman-Medium.ttf */; };
		E02DC09B48414422AA8B7646 /* BitcountSingle_Roman-Regular.ttf in Resources */ = {isa = PBXBuildFile; fileRef = 2071FAECB9594B47BDE03C06 /* BitcountSingle_Roman-Regular.ttf */; };
		27C5177ACED341C895C47FC4 /* BitcountSingle_Roman-SemiBold.ttf in Resources */ = {isa = PBXBuildFile; fileRef = 7194F7AAB98648B4805943E9 /* BitcountSingle_Roman-SemiBold.ttf */; };
		51485BFDF7A7473A81546478 /* BitcountSingle_Roman-Thin.ttf in Resources */ = {isa = PBXBuildFile; fileRef = 4DF407EA72CF44C1BD9AF236 /* BitcountSingle_Roman-Thin.ttf */; };
		7FB996EF418B409F8B3712B9 /* Michroma-Regular.ttf in Resources */ = {isa = PBXBuildFile; fileRef = C88EB414CDBD49F399D5CEE2 /* Michroma-Regular.ttf */; };
		9BC8B46B2FF14E8C8407D278 /* Quantico-Bold.ttf in Resources */ = {isa = PBXBuildFile; fileRef = E5EB49C3A2A848D8934F905C /* Quantico-Bold.ttf */; };
		E8BED45C344D4E55A8E4EA25 /* Quantico-BoldItalic.ttf in Resources */ = {isa = PBXBuildFile; fileRef = 995F558A58C645598DEA248A /* Quantico-BoldItalic.ttf */; };
		636683DEB16E46718C739D05 /* Quantico-Italic.ttf in Resources */ = {isa = PBXBuildFile; fileRef = 6A395A26D470436596CDEBAD /* Quantico-Italic.ttf */; };
		A339AEF84CE4439A92A945CA /* Quantico-Regular.ttf in Resources */ = {isa = PBXBuildFile; fileRef = 8E3498D75B3C4A4BB7876EE3 /* Quantico-Regular.ttf */; };
		3C0BF62C2199408796F34A32 /* Sixtyfour-Regular-VariableFont_BLED,SCAN.ttf in Resources */ = {isa = PBXBuildFile; fileRef = 52B9DCE6B20A44FF8D5573B9 /* Sixtyfour-Regular-VariableFont_BLED,SCAN.ttf */; };
		4B4A3D962C0A4B41B471CA57 /* SpaceGrotesk-VariableFont_wght.ttf in Resources */ = {isa = PBXBuildFile; fileRef = BEAEA30AC6CE455984B7470E /* SpaceGrotesk-VariableFont_wght.ttf */; };
		98706F7551574937A48A60EB /* SpaceGrotesk-Bold.ttf in Resources */ = {isa = PBXBuildFile; fileRef = ED12C388E8C341BE8D00192B /* SpaceGrotesk-Bold.ttf */; };
		F07A7CF468704137BC1FBBF5 /* SpaceGrotesk-Light.ttf in Resources */ = {isa = PBXBuildFile; fileRef = AD93BB728F90487B863DAEC5 /* SpaceGrotesk-Light.ttf */; };
		7DAD6BB17E33402588AC5FB7 /* SpaceGrotesk-Medium.ttf in Resources */ = {isa = PBXBuildFile; fileRef = 91C9672591E64CB3AAD8643A /* SpaceGrotesk-Medium.ttf */; };
		08DDAE62F1AE4F33A0562EDB /* SpaceGrotesk-Regular.ttf in Resources */ = {isa = PBXBuildFile; fileRef = 89316AF11603413BB63B9972 /* SpaceGrotesk-Regular.ttf */; };
		2B029228D02F45F9AC6CC3B1 /* SpaceGrotesk-SemiBold.ttf in Resources */ = {isa = PBXBuildFile; fileRef = 0FFB986ADEE04C77B3B34D3A /* SpaceGrotesk-SemiBold.ttf */; };
		61DE980267DC4C4FA44777F6 /* SpecialElite-Regular.ttf in Resources */ = {isa = PBXBuildFile; fileRef = 82CA03FD2D5D486BB28EB13E /* SpecialElite-Regular.ttf */; };
		82A4649D3E874AA7839E42B7 /* Syncopate-Bold.ttf in Resources */ = {isa = PBXBuildFile; fileRef = 7B04B91D01AB4249B83C68CF /* Syncopate-Bold.ttf */; };
		FED0252009E04F61802593BA /* Syncopate-Regular.ttf in Resources */ = {isa = PBXBuildFile; fileRef = D4CA9F10A09A4393AC0014DA /* Syncopate-Regular.ttf */; };
		A49A98F5CE524E4CB30C7C81 /* SyneMono-Regular.ttf in Resources */ = {isa = PBXBuildFile; fileRef = 48300ABF12A646628943A36B /* SyneMono-Regular.ttf */; };
		E9E9244DED384F4C9706EAA4 /* UbuntuMono-Bold.ttf in Resources */ = {isa = PBXBuildFile; fileRef = FE4CD66013D64FFB8BDC9928 /* UbuntuMono-Bold.ttf */; };
		017A5A05E56C457DBB166C1C /* UbuntuMono-BoldItalic.ttf in Resources */ = {isa = PBXBuildFile; fileRef = 04EBA2A7BD8147C384082D2B /* UbuntuMono-BoldItalic.ttf */; };
		90AF7C92362144808C3470BC /* UbuntuMono-Italic.ttf in Resources */ = {isa = PBXBuildFile; fileRef = E911E541C6744119A8DAD15A /* UbuntuMono-Italic.ttf */; };
		3852B8EA935F4D258BEF0DA4 /* UbuntuMono-Regular.ttf in Resources */ = {isa = PBXBuildFile; fileRef = 2F367AE0E4674234A371F2A6 /* UbuntuMono-Regular.ttf */; };
		E92175C1F79F48FCA7DAC953 /* OFL.txt in Resources */ = {isa = PBXBuildFile; fileRef = BF138434949D4537A83F3E4A /* OFL.txt */; };
		B13D3C5C39D149A3948B6AE3 /* README.txt in Resources */ = {isa = PBXBuildFile; fileRef = CE6C4F443847453E9803CBDC /* README.txt */; };
		505200341F1D46ACB5884862 /* OFL.txt in Resources */ = {isa = PBXBuildFile; fileRef = A6D7A0D6055048F0A992B547 /* OFL.txt */; };
		BE4D62C669354F218073D20A /* OFL.txt in Resources */ = {isa = PBXBuildFile; fileRef = AFF92778BB52418F817615D5 /* OFL.txt */; };
		0261FC9C66B242798504579D /* OFL.txt in Resources */ = {isa = PBXBuildFile; fileRef = 9448E9A3B6C44CAFBCEC20EC /* OFL.txt */; };
		C86EF2CA74FC43D681ADB0B8 /* README.txt in Resources */ = {isa = PBXBuildFile; fileRef = B909F0974D964E5F9E962844 /* README.txt */; };
		A6FE716A6C76457B99333314 /* OFL.txt in Resources */ = {isa = PBXBuildFile; fileRef = 2A334AC477664D659E9E8916 /* OFL.txt */; };
		B999B7DDFA644EFB9251075F /* README.txt in Resources */ = {isa = PBXBuildFile; fileRef = 3A6216508CEE4B9C8EB0D145 /* README.txt */; };
		512B0256C7F346A58D754552 /* LICENSE.txt in Resources */ = {isa = PBXBuildFile; fileRef = 9BDC385CF93544B88578B018 /* LICENSE.txt */; };
		9D18425C36994A71890F443F /* OFL.txt in Resources */ = {isa = PBXBuildFile; fileRef = E0BFC9D43E3240DEBF35213C /* OFL.txt */; };
		8EE9121848A446398E3DF111 /* UFL.txt in Resources */ = {isa = PBXBuildFile; fileRef = 74200DEC543845E4ADF0E2D7 /* UFL.txt */; };
/* End PBXBuildFile section */

/* Begin PBXFileReference section */
		13B07F961A680F5B00A75B9A /* App.app */ = {isa = PBXFileReference; explicitFileType = wrapper.application; includeInIndex = 0; path = App.app; sourceTree = BUILT_PRODUCTS_DIR; };
		13B07FB51A68108700A75B9A /* Images.xcassets */ = {isa = PBXFileReference; lastKnownFileType = folder.assetcatalog; name = Images.xcassets; path = App/Images.xcassets; sourceTree = "<group>"; };
		13B07FB61A68108700A75B9A /* Info.plist */ = {isa = PBXFileReference; fileEncoding = 4; lastKnownFileType = text.plist.xml; name = Info.plist; path = App/Info.plist; sourceTree = "<group>"; };
		13B07FB81A68108700A75B9A /* PrivacyInfo.xcprivacy */ = {isa = PBXFileReference; fileEncoding = 4; lastKnownFileType = text.plist.xml; name = PrivacyInfo.xcprivacy; path = App/PrivacyInfo.xcprivacy; sourceTree = "<group>"; };
		3B4392A12AC88292D35C810B /* Pods-App.debug.xcconfig */ = {isa = PBXFileReference; includeInIndex = 1; lastKnownFileType = text.xcconfig; name = "Pods-App.debug.xcconfig"; path = "Target Support Files/Pods-App/Pods-App.debug.xcconfig"; sourceTree = "<group>"; };
		5709B34CF0A7D63546082F79 /* Pods-App.release.xcconfig */ = {isa = PBXFileReference; includeInIndex = 1; lastKnownFileType = text.xcconfig; name = "Pods-App.release.xcconfig"; path = "Target Support Files/Pods-App/Pods-App.release.xcconfig"; sourceTree = "<group>"; };
		5DCACB8F33CDC322A6C60F78 /* libPods-App.a */ = {isa = PBXFileReference; explicitFileType = archive.ar; includeInIndex = 0; path = "libPods-App.a"; sourceTree = BUILT_PRODUCTS_DIR; };
		761780EC2CA45674006654EE /* AppDelegate.swift */ = {isa = PBXFileReference; lastKnownFileType = sourcecode.swift; name = AppDelegate.swift; path = App/AppDelegate.swift; sourceTree = "<group>"; };
		81AB9BB72411601600AC10FF /* LaunchScreen.storyboard */ = {isa = PBXFileReference; fileEncoding = 4; lastKnownFileType = file.storyboard; name = LaunchScreen.storyboard; path = App/LaunchScreen.storyboard; sourceTree = "<group>"; };
		ED297162215061F000B7C4FE /* JavaScriptCore.framework */ = {isa = PBXFileReference; lastKnownFileType = wrapper.framework; name = JavaScriptCore.framework; path = System/Library/Frameworks/JavaScriptCore.framework; sourceTree = SDKROOT; };
		1630510A4A1A4812800FE54C /* BitcountSingle-VariableFont_CRSV,ELSH,ELXP,slnt,wght.ttf */ = {isa = PBXFileReference; name = "BitcountSingle-VariableFont_CRSV,ELSH,ELXP,slnt,wght.ttf"; path = "../../ui/common/public/fonts/Bitcount_Single/BitcountSingle-VariableFont_CRSV,ELSH,ELXP,slnt,wght.ttf"; sourceTree = "<group>"; fileEncoding = undefined; lastKnownFileType = unknown; explicitFileType = undefined; includeInIndex = 0; };
		F46B81F79DD14E4981663C46 /* BitcountSingle-Black.ttf */ = {isa = PBXFileReference; name = "BitcountSingle-Black.ttf"; path = "../../ui/common/public/fonts/Bitcount_Single/static/BitcountSingle-Black.ttf"; sourceTree = "<group>"; fileEncoding = undefined; lastKnownFileType = unknown; explicitFileType = undefined; includeInIndex = 0; };
		61A8B291AB4943FC9ADCEB8B /* BitcountSingle-Bold.ttf */ = {isa = PBXFileReference; name = "BitcountSingle-Bold.ttf"; path = "../../ui/common/public/fonts/Bitcount_Single/static/BitcountSingle-Bold.ttf"; sourceTree = "<group>"; fileEncoding = undefined; lastKnownFileType = unknown; explicitFileType = undefined; includeInIndex = 0; };
		A32A7C392CAB4085AB292E20 /* BitcountSingle-ExtraBold.ttf */ = {isa = PBXFileReference; name = "BitcountSingle-ExtraBold.ttf"; path = "../../ui/common/public/fonts/Bitcount_Single/static/BitcountSingle-ExtraBold.ttf"; sourceTree = "<group>"; fileEncoding = undefined; lastKnownFileType = unknown; explicitFileType = undefined; includeInIndex = 0; };
		A0FCD18D141348C9AF382582 /* BitcountSingle-ExtraLight.ttf */ = {isa = PBXFileReference; name = "BitcountSingle-ExtraLight.ttf"; path = "../../ui/common/public/fonts/Bitcount_Single/static/BitcountSingle-ExtraLight.ttf"; sourceTree = "<group>"; fileEncoding = undefined; lastKnownFileType = unknown; explicitFileType = undefined; includeInIndex = 0; };
		E28507D8C67A413298D0A8A0 /* BitcountSingle-Light.ttf */ = {isa = PBXFileReference; name = "BitcountSingle-Light.ttf"; path = "../../ui/common/public/fonts/Bitcount_Single/static/BitcountSingle-Light.ttf"; sourceTree = "<group>"; fileEncoding = undefined; lastKnownFileType = unknown; explicitFileType = undefined; includeInIndex = 0; };
		3DC437D264DB4E18A10047A6 /* BitcountSingle-Medium.ttf */ = {isa = PBXFileReference; name = "BitcountSingle-Medium.ttf"; path = "../../ui/common/public/fonts/Bitcount_Single/static/BitcountSingle-Medium.ttf"; sourceTree = "<group>"; fileEncoding = undefined; lastKnownFileType = unknown; explicitFileType = undefined; includeInIndex = 0; };
		D9A900DA71A747428D860683 /* BitcountSingle-Regular.ttf */ = {isa = PBXFileReference; name = "BitcountSingle-Regular.ttf"; path = "../../ui/common/public/fonts/Bitcount_Single/static/BitcountSingle-Regular.ttf"; sourceTree = "<group>"; fileEncoding = undefined; lastKnownFileType = unknown; explicitFileType = undefined; includeInIndex = 0; };
		A35C7747727449BC9337DD51 /* BitcountSingle-SemiBold.ttf */ = {isa = PBXFileReference; name = "BitcountSingle-SemiBold.ttf"; path = "../../ui/common/public/fonts/Bitcount_Single/static/BitcountSingle-SemiBold.ttf"; sourceTree = "<group>"; fileEncoding = undefined; lastKnownFileType = unknown; explicitFileType = undefined; includeInIndex = 0; };
		310A2EDB6DA5460E83D82B51 /* BitcountSingle-Thin.ttf */ = {isa = PBXFileReference; name = "BitcountSingle-Thin.ttf"; path = "../../ui/common/public/fonts/Bitcount_Single/static/BitcountSingle-Thin.ttf"; sourceTree = "<group>"; fileEncoding = undefined; lastKnownFileType = unknown; explicitFileType = undefined; includeInIndex = 0; };
		D5784902D57147DA852BA8BC /* BitcountSingle_Cursive-Black.ttf */ = {isa = PBXFileReference; name = "BitcountSingle_Cursive-Black.ttf"; path = "../../ui/common/public/fonts/Bitcount_Single/static/BitcountSingle_Cursive-Black.ttf"; sourceTree = "<group>"; fileEncoding = undefined; lastKnownFileType = unknown; explicitFileType = undefined; includeInIndex = 0; };
		66F11DD0A7CB4DF0BF1BEC1F /* BitcountSingle_Cursive-Bold.ttf */ = {isa = PBXFileReference; name = "BitcountSingle_Cursive-Bold.ttf"; path = "../../ui/common/public/fonts/Bitcount_Single/static/BitcountSingle_Cursive-Bold.ttf"; sourceTree = "<group>"; fileEncoding = undefined; lastKnownFileType = unknown; explicitFileType = undefined; includeInIndex = 0; };
		D3920733D36D480F9F58AD6E /* BitcountSingle_Cursive-ExtraBold.ttf */ = {isa = PBXFileReference; name = "BitcountSingle_Cursive-ExtraBold.ttf"; path = "../../ui/common/public/fonts/Bitcount_Single/static/BitcountSingle_Cursive-ExtraBold.ttf"; sourceTree = "<group>"; fileEncoding = undefined; lastKnownFileType = unknown; explicitFileType = undefined; includeInIndex = 0; };
		065D98338454491297A008EC /* BitcountSingle_Cursive-ExtraLight.ttf */ = {isa = PBXFileReference; name = "BitcountSingle_Cursive-ExtraLight.ttf"; path = "../../ui/common/public/fonts/Bitcount_Single/static/BitcountSingle_Cursive-ExtraLight.ttf"; sourceTree = "<group>"; fileEncoding = undefined; lastKnownFileType = unknown; explicitFileType = undefined; includeInIndex = 0; };
		A65F0C30EF17495C9344B13F /* BitcountSingle_Cursive-Light.ttf */ = {isa = PBXFileReference; name = "BitcountSingle_Cursive-Light.ttf"; path = "../../ui/common/public/fonts/Bitcount_Single/static/BitcountSingle_Cursive-Light.ttf"; sourceTree = "<group>"; fileEncoding = undefined; lastKnownFileType = unknown; explicitFileType = undefined; includeInIndex = 0; };
		701A0A8077BD4116A45644B5 /* BitcountSingle_Cursive-Medium.ttf */ = {isa = PBXFileReference; name = "BitcountSingle_Cursive-Medium.ttf"; path = "../../ui/common/public/fonts/Bitcount_Single/static/BitcountSingle_Cursive-Medium.ttf"; sourceTree = "<group>"; fileEncoding = undefined; lastKnownFileType = unknown; explicitFileType = undefined; includeInIndex = 0; };
		0D7395592F05422BBDF1314C /* BitcountSingle_Cursive-Regular.ttf */ = {isa = PBXFileReference; name = "BitcountSingle_Cursive-Regular.ttf"; path = "../../ui/common/public/fonts/Bitcount_Single/static/BitcountSingle_Cursive-Regular.ttf"; sourceTree = "<group>"; fileEncoding = undefined; lastKnownFileType = unknown; explicitFileType = undefined; includeInIndex = 0; };
		A8A06C1B5AA047A4ABB0A3D9 /* BitcountSingle_Cursive-SemiBold.ttf */ = {isa = PBXFileReference; name = "BitcountSingle_Cursive-SemiBold.ttf"; path = "../../ui/common/public/fonts/Bitcount_Single/static/BitcountSingle_Cursive-SemiBold.ttf"; sourceTree = "<group>"; fileEncoding = undefined; lastKnownFileType = unknown; explicitFileType = undefined; includeInIndex = 0; };
		8652CE7B81134E6B930131A4 /* BitcountSingle_Cursive-Thin.ttf */ = {isa = PBXFileReference; name = "BitcountSingle_Cursive-Thin.ttf"; path = "../../ui/common/public/fonts/Bitcount_Single/static/BitcountSingle_Cursive-Thin.ttf"; sourceTree = "<group>"; fileEncoding = undefined; lastKnownFileType = unknown; explicitFileType = undefined; includeInIndex = 0; };
		7491E7CEAB054039B96F1822 /* BitcountSingle_Roman-Black.ttf */ = {isa = PBXFileReference; name = "BitcountSingle_Roman-Black.ttf"; path = "../../ui/common/public/fonts/Bitcount_Single/static/BitcountSingle_Roman-Black.ttf"; sourceTree = "<group>"; fileEncoding = undefined; lastKnownFileType = unknown; explicitFileType = undefined; includeInIndex = 0; };
		755AD76F27B844A8ADED4AF1 /* BitcountSingle_Roman-Bold.ttf */ = {isa = PBXFileReference; name = "BitcountSingle_Roman-Bold.ttf"; path = "../../ui/common/public/fonts/Bitcount_Single/static/BitcountSingle_Roman-Bold.ttf"; sourceTree = "<group>"; fileEncoding = undefined; lastKnownFileType = unknown; explicitFileType = undefined; includeInIndex = 0; };
		537D07A7570544FFA2FC6917 /* BitcountSingle_Roman-ExtraBold.ttf */ = {isa = PBXFileReference; name = "BitcountSingle_Roman-ExtraBold.ttf"; path = "../../ui/common/public/fonts/Bitcount_Single/static/BitcountSingle_Roman-ExtraBold.ttf"; sourceTree = "<group>"; fileEncoding = undefined; lastKnownFileType = unknown; explicitFileType = undefined; includeInIndex = 0; };
		59C5B09F16A3457BB92ED78A /* BitcountSingle_Roman-ExtraLight.ttf */ = {isa = PBXFileReference; name = "BitcountSingle_Roman-ExtraLight.ttf"; path = "../../ui/common/public/fonts/Bitcount_Single/static/BitcountSingle_Roman-ExtraLight.ttf"; sourceTree = "<group>"; fileEncoding = undefined; lastKnownFileType = unknown; explicitFileType = undefined; includeInIndex = 0; };
		1CEF628A67F14755BE55EB4A /* BitcountSingle_Roman-Light.ttf */ = {isa = PBXFileReference; name = "BitcountSingle_Roman-Light.ttf"; path = "../../ui/common/public/fonts/Bitcount_Single/static/BitcountSingle_Roman-Light.ttf"; sourceTree = "<group>"; fileEncoding = undefined; lastKnownFileType = unknown; explicitFileType = undefined; includeInIndex = 0; };
		54994438C81147C393AA40B0 /* BitcountSingle_Roman-Medium.ttf */ = {isa = PBXFileReference; name = "BitcountSingle_Roman-Medium.ttf"; path = "../../ui/common/public/fonts/Bitcount_Single/static/BitcountSingle_Roman-Medium.ttf"; sourceTree = "<group>"; fileEncoding = undefined; lastKnownFileType = unknown; explicitFileType = undefined; includeInIndex = 0; };
		2071FAECB9594B47BDE03C06 /* BitcountSingle_Roman-Regular.ttf */ = {isa = PBXFileReference; name = "BitcountSingle_Roman-Regular.ttf"; path = "../../ui/common/public/fonts/Bitcount_Single/static/BitcountSingle_Roman-Regular.ttf"; sourceTree = "<group>"; fileEncoding = undefined; lastKnownFileType = unknown; explicitFileType = undefined; includeInIndex = 0; };
		7194F7AAB98648B4805943E9 /* BitcountSingle_Roman-SemiBold.ttf */ = {isa = PBXFileReference; name = "BitcountSingle_Roman-SemiBold.ttf"; path = "../../ui/common/public/fonts/Bitcount_Single/static/BitcountSingle_Roman-SemiBold.ttf"; sourceTree = "<group>"; fileEncoding = undefined; lastKnownFileType = unknown; explicitFileType = undefined; includeInIndex = 0; };
		4DF407EA72CF44C1BD9AF236 /* BitcountSingle_Roman-Thin.ttf */ = {isa = PBXFileReference; name = "BitcountSingle_Roman-Thin.ttf"; path = "../../ui/common/public/fonts/Bitcount_Single/static/BitcountSingle_Roman-Thin.ttf"; sourceTree = "<group>"; fileEncoding = undefined; lastKnownFileType = unknown; explicitFileType = undefined; includeInIndex = 0; };
		C88EB414CDBD49F399D5CEE2 /* Michroma-Regular.ttf */ = {isa = PBXFileReference; name = "Michroma-Regular.ttf"; path = "../../ui/common/public/fonts/Michroma/Michroma-Regular.ttf"; sourceTree = "<group>"; fileEncoding = undefined; lastKnownFileType = unknown; explicitFileType = undefined; includeInIndex = 0; };
		E5EB49C3A2A848D8934F905C /* Quantico-Bold.ttf */ = {isa = PBXFileReference; name = "Quantico-Bold.ttf"; path = "../../ui/common/public/fonts/Quantico/Quantico-Bold.ttf"; sourceTree = "<group>"; fileEncoding = undefined; lastKnownFileType = unknown; explicitFileType = undefined; includeInIndex = 0; };
		995F558A58C645598DEA248A /* Quantico-BoldItalic.ttf */ = {isa = PBXFileReference; name = "Quantico-BoldItalic.ttf"; path = "../../ui/common/public/fonts/Quantico/Quantico-BoldItalic.ttf"; sourceTree = "<group>"; fileEncoding = undefined; lastKnownFileType = unknown; explicitFileType = undefined; includeInIndex = 0; };
		6A395A26D470436596CDEBAD /* Quantico-Italic.ttf */ = {isa = PBXFileReference; name = "Quantico-Italic.ttf"; path = "../../ui/common/public/fonts/Quantico/Quantico-Italic.ttf"; sourceTree = "<group>"; fileEncoding = undefined; lastKnownFileType = unknown; explicitFileType = undefined; includeInIndex = 0; };
		8E3498D75B3C4A4BB7876EE3 /* Quantico-Regular.ttf */ = {isa = PBXFileReference; name = "Quantico-Regular.ttf"; path = "../../ui/common/public/fonts/Quantico/Quantico-Regular.ttf"; sourceTree = "<group>"; fileEncoding = undefined; lastKnownFileType = unknown; explicitFileType = undefined; includeInIndex = 0; };
		52B9DCE6B20A44FF8D5573B9 /* Sixtyfour-Regular-VariableFont_BLED,SCAN.ttf */ = {isa = PBXFileReference; name = "Sixtyfour-Regular-VariableFont_BLED,SCAN.ttf"; path = "../../ui/common/public/fonts/Sixtyfour/Sixtyfour-Regular-VariableFont_BLED,SCAN.ttf"; sourceTree = "<group>"; fileEncoding = undefined; lastKnownFileType = unknown; explicitFileType = undefined; includeInIndex = 0; };
		BEAEA30AC6CE455984B7470E /* SpaceGrotesk-VariableFont_wght.ttf */ = {isa = PBXFileReference; name = "SpaceGrotesk-VariableFont_wght.ttf"; path = "../../ui/common/public/fonts/Space_Grotesk/SpaceGrotesk-VariableFont_wght.ttf"; sourceTree = "<group>"; fileEncoding = undefined; lastKnownFileType = unknown; explicitFileType = undefined; includeInIndex = 0; };
		ED12C388E8C341BE8D00192B /* SpaceGrotesk-Bold.ttf */ = {isa = PBXFileReference; name = "SpaceGrotesk-Bold.ttf"; path = "../../ui/common/public/fonts/Space_Grotesk/static/SpaceGrotesk-Bold.ttf"; sourceTree = "<group>"; fileEncoding = undefined; lastKnownFileType = unknown; explicitFileType = undefined; includeInIndex = 0; };
		AD93BB728F90487B863DAEC5 /* SpaceGrotesk-Light.ttf */ = {isa = PBXFileReference; name = "SpaceGrotesk-Light.ttf"; path = "../../ui/common/public/fonts/Space_Grotesk/static/SpaceGrotesk-Light.ttf"; sourceTree = "<group>"; fileEncoding = undefined; lastKnownFileType = unknown; explicitFileType = undefined; includeInIndex = 0; };
		91C9672591E64CB3AAD8643A /* SpaceGrotesk-Medium.ttf */ = {isa = PBXFileReference; name = "SpaceGrotesk-Medium.ttf"; path = "../../ui/common/public/fonts/Space_Grotesk/static/SpaceGrotesk-Medium.ttf"; sourceTree = "<group>"; fileEncoding = undefined; lastKnownFileType = unknown; explicitFileType = undefined; includeInIndex = 0; };
		89316AF11603413BB63B9972 /* SpaceGrotesk-Regular.ttf */ = {isa = PBXFileReference; name = "SpaceGrotesk-Regular.ttf"; path = "../../ui/common/public/fonts/Space_Grotesk/static/SpaceGrotesk-Regular.ttf"; sourceTree = "<group>"; fileEncoding = undefined; lastKnownFileType = unknown; explicitFileType = undefined; includeInIndex = 0; };
		0FFB986ADEE04C77B3B34D3A /* SpaceGrotesk-SemiBold.ttf */ = {isa = PBXFileReference; name = "SpaceGrotesk-SemiBold.ttf"; path = "../../ui/common/public/fonts/Space_Grotesk/static/SpaceGrotesk-SemiBold.ttf"; sourceTree = "<group>"; fileEncoding = undefined; lastKnownFileType = unknown; explicitFileType = undefined; includeInIndex = 0; };
		82CA03FD2D5D486BB28EB13E /* SpecialElite-Regular.ttf */ = {isa = PBXFileReference; name = "SpecialElite-Regular.ttf"; path = "../../ui/common/public/fonts/Special_Elite/SpecialElite-Regular.ttf"; sourceTree = "<group>"; fileEncoding = undefined; lastKnownFileType = unknown; explicitFileType = undefined; includeInIndex = 0; };
		7B04B91D01AB4249B83C68CF /* Syncopate-Bold.ttf */ = {isa = PBXFileReference; name = "Syncopate-Bold.ttf"; path = "../../ui/common/public/fonts/Syncopate/Syncopate-Bold.ttf"; sourceTree = "<group>"; fileEncoding = undefined; lastKnownFileType = unknown; explicitFileType = undefined; includeInIndex = 0; };
		D4CA9F10A09A4393AC0014DA /* Syncopate-Regular.ttf */ = {isa = PBXFileReference; name = "Syncopate-Regular.ttf"; path = "../../ui/common/public/fonts/Syncopate/Syncopate-Regular.ttf"; sourceTree = "<group>"; fileEncoding = undefined; lastKnownFileType = unknown; explicitFileType = undefined; includeInIndex = 0; };
		48300ABF12A646628943A36B /* SyneMono-Regular.ttf */ = {isa = PBXFileReference; name = "SyneMono-Regular.ttf"; path = "../../ui/common/public/fonts/Syne_Mono/SyneMono-Regular.ttf"; sourceTree = "<group>"; fileEncoding = undefined; lastKnownFileType = unknown; explicitFileType = undefined; includeInIndex = 0; };
		FE4CD66013D64FFB8BDC9928 /* UbuntuMono-Bold.ttf */ = {isa = PBXFileReference; name = "UbuntuMono-Bold.ttf"; path = "../../ui/common/public/fonts/Ubuntu_Mono/UbuntuMono-Bold.ttf"; sourceTree = "<group>"; fileEncoding = undefined; lastKnownFileType = unknown; explicitFileType = undefined; includeInIndex = 0; };
		04EBA2A7BD8147C384082D2B /* UbuntuMono-BoldItalic.ttf */ = {isa = PBXFileReference; name = "UbuntuMono-BoldItalic.ttf"; path = "../../ui/common/public/fonts/Ubuntu_Mono/UbuntuMono-BoldItalic.ttf"; sourceTree = "<group>"; fileEncoding = undefined; lastKnownFileType = unknown; explicitFileType = undefined; includeInIndex = 0; };
		E911E541C6744119A8DAD15A /* UbuntuMono-Italic.ttf */ = {isa = PBXFileReference; name = "UbuntuMono-Italic.ttf"; path = "../../ui/common/public/fonts/Ubuntu_Mono/UbuntuMono-Italic.ttf"; sourceTree = "<group>"; fileEncoding = undefined; lastKnownFileType = unknown; explicitFileType = undefined; includeInIndex = 0; };
		2F367AE0E4674234A371F2A6 /* UbuntuMono-Regular.ttf */ = {isa = PBXFileReference; name = "UbuntuMono-Regular.ttf"; path = "../../ui/common/public/fonts/Ubuntu_Mono/UbuntuMono-Regular.ttf"; sourceTree = "<group>"; fileEncoding = undefined; lastKnownFileType = unknown; explicitFileType = undefined; includeInIndex = 0; };
		BF138434949D4537A83F3E4A /* OFL.txt */ = {isa = PBXFileReference; name = "OFL.txt"; path = "../../ui/common/public/fonts/Bitcount_Single/OFL.txt"; sourceTree = "<group>"; fileEncoding = undefined; lastKnownFileType = unknown; explicitFileType = undefined; includeInIndex = 0; };
		CE6C4F443847453E9803CBDC /* README.txt */ = {isa = PBXFileReference; name = "README.txt"; path = "../../ui/common/public/fonts/Bitcount_Single/README.txt"; sourceTree = "<group>"; fileEncoding = undefined; lastKnownFileType = unknown; explicitFileType = undefined; includeInIndex = 0; };
		A6D7A0D6055048F0A992B547 /* OFL.txt */ = {isa = PBXFileReference; name = "OFL.txt"; path = "../../ui/common/public/fonts/Michroma/OFL.txt"; sourceTree = "<group>"; fileEncoding = undefined; lastKnownFileType = unknown; explicitFileType = undefined; includeInIndex = 0; };
		AFF92778BB52418F817615D5 /* OFL.txt */ = {isa = PBXFileReference; name = "OFL.txt"; path = "../../ui/common/public/fonts/Quantico/OFL.txt"; sourceTree = "<group>"; fileEncoding = undefined; lastKnownFileType = unknown; explicitFileType = undefined; includeInIndex = 0; };
		9448E9A3B6C44CAFBCEC20EC /* OFL.txt */ = {isa = PBXFileReference; name = "OFL.txt"; path = "../../ui/common/public/fonts/Sixtyfour/OFL.txt"; sourceTree = "<group>"; fileEncoding = undefined; lastKnownFileType = unknown; explicitFileType = undefined; includeInIndex = 0; };
		B909F0974D964E5F9E962844 /* README.txt */ = {isa = PBXFileReference; name = "README.txt"; path = "../../ui/common/public/fonts/Sixtyfour/README.txt"; sourceTree = "<group>"; fileEncoding = undefined; lastKnownFileType = unknown; explicitFileType = undefined; includeInIndex = 0; };
		2A334AC477664D659E9E8916 /* OFL.txt */ = {isa = PBXFileReference; name = "OFL.txt"; path = "../../ui/common/public/fonts/Space_Grotesk/OFL.txt"; sourceTree = "<group>"; fileEncoding = undefined; lastKnownFileType = unknown; explicitFileType = undefined; includeInIndex = 0; };
		3A6216508CEE4B9C8EB0D145 /* README.txt */ = {isa = PBXFileReference; name = "README.txt"; path = "../../ui/common/public/fonts/Space_Grotesk/README.txt"; sourceTree = "<group>"; fileEncoding = undefined; lastKnownFileType = unknown; explicitFileType = undefined; includeInIndex = 0; };
		9BDC385CF93544B88578B018 /* LICENSE.txt */ = {isa = PBXFileReference; name = "LICENSE.txt"; path = "../../ui/common/public/fonts/Syncopate/LICENSE.txt"; sourceTree = "<group>"; fileEncoding = undefined; lastKnownFileType = unknown; explicitFileType = undefined; includeInIndex = 0; };
		E0BFC9D43E3240DEBF35213C /* OFL.txt */ = {isa = PBXFileReference; name = "OFL.txt"; path = "../../ui/common/public/fonts/Syne_Mono/OFL.txt"; sourceTree = "<group>"; fileEncoding = undefined; lastKnownFileType = unknown; explicitFileType = undefined; includeInIndex = 0; };
		74200DEC543845E4ADF0E2D7 /* UFL.txt */ = {isa = PBXFileReference; name = "UFL.txt"; path = "../../ui/common/public/fonts/Ubuntu_Mono/UFL.txt"; sourceTree = "<group>"; fileEncoding = undefined; lastKnownFileType = unknown; explicitFileType = undefined; includeInIndex = 0; };
/* End PBXFileReference section */

/* Begin PBXFrameworksBuildPhase section */
		13B07F8C1A680F5B00A75B9A /* Frameworks */ = {
			isa = PBXFrameworksBuildPhase;
			buildActionMask = 2147483647;
			files = (
				0C80B921A6F3F58F76C31292 /* libPods-App.a in Frameworks */,
			);
			runOnlyForDeploymentPostprocessing = 0;
		};
/* End PBXFrameworksBuildPhase section */

/* Begin PBXGroup section */
		13B07FAE1A68108700A75B9A /* App */ = {
			isa = PBXGroup;
			children = (
				13B07FB51A68108700A75B9A /* Images.xcassets */,
				761780EC2CA45674006654EE /* AppDelegate.swift */,
				13B07FB61A68108700A75B9A /* Info.plist */,
				81AB9BB72411601600AC10FF /* LaunchScreen.storyboard */,
				13B07FB81A68108700A75B9A /* PrivacyInfo.xcprivacy */,
			);
			name = App;
			sourceTree = "<group>";
		};
		2D16E6871FA4F8E400B85C8A /* Frameworks */ = {
			isa = PBXGroup;
			children = (
				ED297162215061F000B7C4FE /* JavaScriptCore.framework */,
				5DCACB8F33CDC322A6C60F78 /* libPods-App.a */,
			);
			name = Frameworks;
			sourceTree = "<group>";
		};
		832341AE1AAA6A7D00B99B32 /* Libraries */ = {
			isa = PBXGroup;
			children = (
			);
			name = Libraries;
			sourceTree = "<group>";
		};
		83CBB9F61A601CBA00E9B192 = {
			isa = PBXGroup;
			children = (
				13B07FAE1A68108700A75B9A /* App */,
				832341AE1AAA6A7D00B99B32 /* Libraries */,
				83CBBA001A601CBA00E9B192 /* Products */,
				2D16E6871FA4F8E400B85C8A /* Frameworks */,
				BBD78D7AC51CEA395F1C20DB /* Pods */,
				830880308E7C4B97AC046189 /* Resources */,
			);
			indentWidth = 2;
			sourceTree = "<group>";
			tabWidth = 2;
			usesTabs = 0;
		};
		83CBBA001A601CBA00E9B192 /* Products */ = {
			isa = PBXGroup;
			children = (
				13B07F961A680F5B00A75B9A /* App.app */,
			);
			name = Products;
			sourceTree = "<group>";
		};
		BBD78D7AC51CEA395F1C20DB /* Pods */ = {
			isa = PBXGroup;
			children = (
				3B4392A12AC88292D35C810B /* Pods-App.debug.xcconfig */,
				5709B34CF0A7D63546082F79 /* Pods-App.release.xcconfig */,
			);
			path = Pods;
			sourceTree = "<group>";
		};
		830880308E7C4B97AC046189 /* Resources */ = {
			isa = "PBXGroup";
			children = (
				1630510A4A1A4812800FE54C /* BitcountSingle-VariableFont_CRSV,ELSH,ELXP,slnt,wght.ttf */,
				F46B81F79DD14E4981663C46 /* BitcountSingle-Black.ttf */,
				61A8B291AB4943FC9ADCEB8B /* BitcountSingle-Bold.ttf */,
				A32A7C392CAB4085AB292E20 /* BitcountSingle-ExtraBold.ttf */,
				A0FCD18D141348C9AF382582 /* BitcountSingle-ExtraLight.ttf */,
				E28507D8C67A413298D0A8A0 /* BitcountSingle-Light.ttf */,
				3DC437D264DB4E18A10047A6 /* BitcountSingle-Medium.ttf */,
				D9A900DA71A747428D860683 /* BitcountSingle-Regular.ttf */,
				A35C7747727449BC9337DD51 /* BitcountSingle-SemiBold.ttf */,
				310A2EDB6DA5460E83D82B51 /* BitcountSingle-Thin.ttf */,
				D5784902D57147DA852BA8BC /* BitcountSingle_Cursive-Black.ttf */,
				66F11DD0A7CB4DF0BF1BEC1F /* BitcountSingle_Cursive-Bold.ttf */,
				D3920733D36D480F9F58AD6E /* BitcountSingle_Cursive-ExtraBold.ttf */,
				065D98338454491297A008EC /* BitcountSingle_Cursive-ExtraLight.ttf */,
				A65F0C30EF17495C9344B13F /* BitcountSingle_Cursive-Light.ttf */,
				701A0A8077BD4116A45644B5 /* BitcountSingle_Cursive-Medium.ttf */,
				0D7395592F05422BBDF1314C /* BitcountSingle_Cursive-Regular.ttf */,
				A8A06C1B5AA047A4ABB0A3D9 /* BitcountSingle_Cursive-SemiBold.ttf */,
				8652CE7B81134E6B930131A4 /* BitcountSingle_Cursive-Thin.ttf */,
				7491E7CEAB054039B96F1822 /* BitcountSingle_Roman-Black.ttf */,
				755AD76F27B844A8ADED4AF1 /* BitcountSingle_Roman-Bold.ttf */,
				537D07A7570544FFA2FC6917 /* BitcountSingle_Roman-ExtraBold.ttf */,
				59C5B09F16A3457BB92ED78A /* BitcountSingle_Roman-ExtraLight.ttf */,
				1CEF628A67F14755BE55EB4A /* BitcountSingle_Roman-Light.ttf */,
				54994438C81147C393AA40B0 /* BitcountSingle_Roman-Medium.ttf */,
				2071FAECB9594B47BDE03C06 /* BitcountSingle_Roman-Regular.ttf */,
				7194F7AAB98648B4805943E9 /* BitcountSingle_Roman-SemiBold.ttf */,
				4DF407EA72CF44C1BD9AF236 /* BitcountSingle_Roman-Thin.ttf */,
				C88EB414CDBD49F399D5CEE2 /* Michroma-Regular.ttf */,
				E5EB49C3A2A848D8934F905C /* Quantico-Bold.ttf */,
				995F558A58C645598DEA248A /* Quantico-BoldItalic.ttf */,
				6A395A26D470436596CDEBAD /* Quantico-Italic.ttf */,
				8E3498D75B3C4A4BB7876EE3 /* Quantico-Regular.ttf */,
				52B9DCE6B20A44FF8D5573B9 /* Sixtyfour-Regular-VariableFont_BLED,SCAN.ttf */,
				BEAEA30AC6CE455984B7470E /* SpaceGrotesk-VariableFont_wght.ttf */,
				ED12C388E8C341BE8D00192B /* SpaceGrotesk-Bold.ttf */,
				AD93BB728F90487B863DAEC5 /* SpaceGrotesk-Light.ttf */,
				91C9672591E64CB3AAD8643A /* SpaceGrotesk-Medium.ttf */,
				89316AF11603413BB63B9972 /* SpaceGrotesk-Regular.ttf */,
				0FFB986ADEE04C77B3B34D3A /* SpaceGrotesk-SemiBold.ttf */,
				82CA03FD2D5D486BB28EB13E /* SpecialElite-Regular.ttf */,
				7B04B91D01AB4249B83C68CF /* Syncopate-Bold.ttf */,
				D4CA9F10A09A4393AC0014DA /* Syncopate-Regular.ttf */,
				48300ABF12A646628943A36B /* SyneMono-Regular.ttf */,
				FE4CD66013D64FFB8BDC9928 /* UbuntuMono-Bold.ttf */,
				04EBA2A7BD8147C384082D2B /* UbuntuMono-BoldItalic.ttf */,
				E911E541C6744119A8DAD15A /* UbuntuMono-Italic.ttf */,
				2F367AE0E4674234A371F2A6 /* UbuntuMono-Regular.ttf */,
				BF138434949D4537A83F3E4A /* OFL.txt */,
				CE6C4F443847453E9803CBDC /* README.txt */,
				A6D7A0D6055048F0A992B547 /* OFL.txt */,
				AFF92778BB52418F817615D5 /* OFL.txt */,
				9448E9A3B6C44CAFBCEC20EC /* OFL.txt */,
				B909F0974D964E5F9E962844 /* README.txt */,
				2A334AC477664D659E9E8916 /* OFL.txt */,
				3A6216508CEE4B9C8EB0D145 /* README.txt */,
				9BDC385CF93544B88578B018 /* LICENSE.txt */,
				E0BFC9D43E3240DEBF35213C /* OFL.txt */,
				74200DEC543845E4ADF0E2D7 /* UFL.txt */,
			);
			name = Resources;
			sourceTree = "<group>";
			path = "";
		};
/* End PBXGroup section */

/* Begin PBXNativeTarget section */
		13B07F861A680F5B00A75B9A /* App */ = {
			isa = PBXNativeTarget;
			buildConfigurationList = 13B07F931A680F5B00A75B9A /* Build configuration list for PBXNativeTarget "App" */;
			buildPhases = (
				C38B50BA6285516D6DCD4F65 /* [CP] Check Pods Manifest.lock */,
				13B07F871A680F5B00A75B9A /* Sources */,
				13B07F8C1A680F5B00A75B9A /* Frameworks */,
				13B07F8E1A680F5B00A75B9A /* Resources */,
				00DD1BFF1BD5951E006B06BC /* Bundle React Native code and images */,
				00EEFC60759A1932668264C0 /* [CP] Embed Pods Frameworks */,
				E235C05ADACE081382539298 /* [CP] Copy Pods Resources */,
			);
			buildRules = (
			);
			dependencies = (
			);
			name = App;
			productName = App;
			productReference = 13B07F961A680F5B00A75B9A /* App.app */;
			productType = "com.apple.product-type.application";
		};
/* End PBXNativeTarget section */

/* Begin PBXProject section */
		83CBB9F71A601CBA00E9B192 /* Project object */ = {
			isa = PBXProject;
			attributes = {
				LastUpgradeCheck = 1210;
				TargetAttributes = {
					13B07F861A680F5B00A75B9A = {
						LastSwiftMigration = 1120;
					};
				};
			};
			buildConfigurationList = 83CBB9FA1A601CBA00E9B192 /* Build configuration list for PBXProject "App" */;
			compatibilityVersion = "Xcode 12.0";
			developmentRegion = en;
			hasScannedForEncodings = 0;
			knownRegions = (
				en,
				Base,
			);
			mainGroup = 83CBB9F61A601CBA00E9B192;
			productRefGroup = 83CBBA001A601CBA00E9B192 /* Products */;
			projectDirPath = "";
			projectRoot = "";
			targets = (
				13B07F861A680F5B00A75B9A /* App */,
			);
		};
/* End PBXProject section */

/* Begin PBXResourcesBuildPhase section */
		13B07F8E1A680F5B00A75B9A /* Resources */ = {
			isa = PBXResourcesBuildPhase;
			buildActionMask = 2147483647;
			files = (
				81AB9BB82411601600AC10FF /* LaunchScreen.storyboard in Resources */,
				13B07FBF1A68108700A75B9A /* Images.xcassets in Resources */,
				F53A0C3576DB4223A0A915C1 /* BitcountSingle-VariableFont_CRSV,ELSH,ELXP,slnt,wght.ttf in Resources */,
				8BE00C6DE68346A2B0544FBB /* BitcountSingle-Black.ttf in Resources */,
				88CCF60FFC2C4CD99C497A44 /* BitcountSingle-Bold.ttf in Resources */,
				025C80E2AD844C62BBDA6FF4 /* BitcountSingle-ExtraBold.ttf in Resources */,
				CFE4A008A2F9477699A2EBA3 /* BitcountSingle-ExtraLight.ttf in Resources */,
				0F5A0C038D1D49B6BDA297D4 /* BitcountSingle-Light.ttf in Resources */,
				BE0929BBE59F44F5B6D59BA1 /* BitcountSingle-Medium.ttf in Resources */,
				58DF3E0D7FD04E33A82A892C /* BitcountSingle-Regular.ttf in Resources */,
				4A7D423DECE24DBC9AF5DC84 /* BitcountSingle-SemiBold.ttf in Resources */,
				3D93F318C4584D52AE4BE01A /* BitcountSingle-Thin.ttf in Resources */,
				4970F47B62FB43B98C8F3F9A /* BitcountSingle_Cursive-Black.ttf in Resources */,
				B97B8AB7B4AE4EC2AD444F1D /* BitcountSingle_Cursive-Bold.ttf in Resources */,
				958FE5C064524834A91D65A5 /* BitcountSingle_Cursive-ExtraBold.ttf in Resources */,
				DB1D2C6918694FDA8F36BB61 /* BitcountSingle_Cursive-ExtraLight.ttf in Resources */,
				0722A5C22965438DAC1F4F08 /* BitcountSingle_Cursive-Light.ttf in Resources */,
				BDFAFDEE2B66489689135D50 /* BitcountSingle_Cursive-Medium.ttf in Resources */,
				86F306ABE99243BB80A1AE99 /* BitcountSingle_Cursive-Regular.ttf in Resources */,
				408B7E19A89D44DF8E5B9C23 /* BitcountSingle_Cursive-SemiBold.ttf in Resources */,
				E266070C228645DBA243F895 /* BitcountSingle_Cursive-Thin.ttf in Resources */,
				66DA3981B1AC44BB8F3B011F /* BitcountSingle_Roman-Black.ttf in Resources */,
				9CD67D94182B49EB88CC0B4D /* BitcountSingle_Roman-Bold.ttf in Resources */,
				28D6AAD45D174F2988B60AB3 /* BitcountSingle_Roman-ExtraBold.ttf in Resources */,
				42024FFCE107404C8AAB4FD0 /* BitcountSingle_Roman-ExtraLight.ttf in Resources */,
				CC4ADE70F46841F393CA1FBB /* BitcountSingle_Roman-Light.ttf in Resources */,
				08D9ADA2B26C427BB8AD7CE8 /* BitcountSingle_Roman-Medium.ttf in Resources */,
				E02DC09B48414422AA8B7646 /* BitcountSingle_Roman-Regular.ttf in Resources */,
				27C5177ACED341C895C47FC4 /* BitcountSingle_Roman-SemiBold.ttf in Resources */,
				51485BFDF7A7473A81546478 /* BitcountSingle_Roman-Thin.ttf in Resources */,
				7FB996EF418B409F8B3712B9 /* Michroma-Regular.ttf in Resources */,
				9BC8B46B2FF14E8C8407D278 /* Quantico-Bold.ttf in Resources */,
				E8BED45C344D4E55A8E4EA25 /* Quantico-BoldItalic.ttf in Resources */,
				636683DEB16E46718C739D05 /* Quantico-Italic.ttf in Resources */,
				A339AEF84CE4439A92A945CA /* Quantico-Regular.ttf in Resources */,
				3C0BF62C2199408796F34A32 /* Sixtyfour-Regular-VariableFont_BLED,SCAN.ttf in Resources */,
				4B4A3D962C0A4B41B471CA57 /* SpaceGrotesk-VariableFont_wght.ttf in Resources */,
				98706F7551574937A48A60EB /* SpaceGrotesk-Bold.ttf in Resources */,
				F07A7CF468704137BC1FBBF5 /* SpaceGrotesk-Light.ttf in Resources */,
				7DAD6BB17E33402588AC5FB7 /* SpaceGrotesk-Medium.ttf in Resources */,
				08DDAE62F1AE4F33A0562EDB /* SpaceGrotesk-Regular.ttf in Resources */,
				2B029228D02F45F9AC6CC3B1 /* SpaceGrotesk-SemiBold.ttf in Resources */,
				61DE980267DC4C4FA44777F6 /* SpecialElite-Regular.ttf in Resources */,
				82A4649D3E874AA7839E42B7 /* Syncopate-Bold.ttf in Resources */,
				FED0252009E04F61802593BA /* Syncopate-Regular.ttf in Resources */,
				A49A98F5CE524E4CB30C7C81 /* SyneMono-Regular.ttf in Resources */,
				E9E9244DED384F4C9706EAA4 /* UbuntuMono-Bold.ttf in Resources */,
				017A5A05E56C457DBB166C1C /* UbuntuMono-BoldItalic.ttf in Resources */,
				90AF7C92362144808C3470BC /* UbuntuMono-Italic.ttf in Resources */,
				3852B8EA935F4D258BEF0DA4 /* UbuntuMono-Regular.ttf in Resources */,
				E92175C1F79F48FCA7DAC953 /* OFL.txt in Resources */,
				B13D3C5C39D149A3948B6AE3 /* README.txt in Resources */,
				505200341F1D46ACB5884862 /* OFL.txt in Resources */,
				BE4D62C669354F218073D20A /* OFL.txt in Resources */,
				0261FC9C66B242798504579D /* OFL.txt in Resources */,
				C86EF2CA74FC43D681ADB0B8 /* README.txt in Resources */,
				A6FE716A6C76457B99333314 /* OFL.txt in Resources */,
				B999B7DDFA644EFB9251075F /* README.txt in Resources */,
				512B0256C7F346A58D754552 /* LICENSE.txt in Resources */,
				9D18425C36994A71890F443F /* OFL.txt in Resources */,
				8EE9121848A446398E3DF111 /* UFL.txt in Resources */,
			);
			runOnlyForDeploymentPostprocessing = 0;
		};
/* End PBXResourcesBuildPhase section */

/* Begin PBXShellScriptBuildPhase section */
		00DD1BFF1BD5951E006B06BC /* Bundle React Native code and images */ = {
			isa = PBXShellScriptBuildPhase;
			buildActionMask = 2147483647;
			files = (
			);
			inputPaths = (
				"$(SRCROOT)/.xcode.env.local",
				"$(SRCROOT)/.xcode.env",
			);
			name = "Bundle React Native code and images";
			outputPaths = (
			);
			runOnlyForDeploymentPostprocessing = 0;
			shellPath = /bin/sh;
			shellScript = "set -e\n\nWITH_ENVIRONMENT=\"$REACT_NATIVE_PATH/scripts/xcode/with-environment.sh\"\nREACT_NATIVE_XCODE=\"$REACT_NATIVE_PATH/scripts/react-native-xcode.sh\"\n\n/bin/sh -c \"\\\"$WITH_ENVIRONMENT\\\" \\\"$REACT_NATIVE_XCODE\\\"\"\n";
		};
		00EEFC60759A1932668264C0 /* [CP] Embed Pods Frameworks */ = {
			isa = PBXShellScriptBuildPhase;
			buildActionMask = 2147483647;
			files = (
			);
			inputFileListPaths = (
				"${PODS_ROOT}/Target Support Files/Pods-App/Pods-App-frameworks-${CONFIGURATION}-input-files.xcfilelist",
			);
			name = "[CP] Embed Pods Frameworks";
			outputFileListPaths = (
				"${PODS_ROOT}/Target Support Files/Pods-App/Pods-App-frameworks-${CONFIGURATION}-output-files.xcfilelist",
			);
			runOnlyForDeploymentPostprocessing = 0;
			shellPath = /bin/sh;
			shellScript = "\"${PODS_ROOT}/Target Support Files/Pods-App/Pods-App-frameworks.sh\"\n";
			showEnvVarsInLog = 0;
		};
		C38B50BA6285516D6DCD4F65 /* [CP] Check Pods Manifest.lock */ = {
			isa = PBXShellScriptBuildPhase;
			buildActionMask = 2147483647;
			files = (
			);
			inputFileListPaths = (
			);
			inputPaths = (
				"${PODS_PODFILE_DIR_PATH}/Podfile.lock",
				"${PODS_ROOT}/Manifest.lock",
			);
			name = "[CP] Check Pods Manifest.lock";
			outputFileListPaths = (
			);
			outputPaths = (
				"$(DERIVED_FILE_DIR)/Pods-App-checkManifestLockResult.txt",
			);
			runOnlyForDeploymentPostprocessing = 0;
			shellPath = /bin/sh;
			shellScript = "diff \"${PODS_PODFILE_DIR_PATH}/Podfile.lock\" \"${PODS_ROOT}/Manifest.lock\" > /dev/null\nif [ $? != 0 ] ; then\n    # print error to STDERR\n    echo \"error: The sandbox is not in sync with the Podfile.lock. Run 'pod install' or update your CocoaPods installation.\" >&2\n    exit 1\nfi\n# This output is used by Xcode 'outputs' to avoid re-running this script phase.\necho \"SUCCESS\" > \"${SCRIPT_OUTPUT_FILE_0}\"\n";
			showEnvVarsInLog = 0;
		};
		E235C05ADACE081382539298 /* [CP] Copy Pods Resources */ = {
			isa = PBXShellScriptBuildPhase;
			buildActionMask = 2147483647;
			files = (
			);
			inputFileListPaths = (
				"${PODS_ROOT}/Target Support Files/Pods-App/Pods-App-resources-${CONFIGURATION}-input-files.xcfilelist",
			);
			name = "[CP] Copy Pods Resources";
			outputFileListPaths = (
				"${PODS_ROOT}/Target Support Files/Pods-App/Pods-App-resources-${CONFIGURATION}-output-files.xcfilelist",
			);
			runOnlyForDeploymentPostprocessing = 0;
			shellPath = /bin/sh;
			shellScript = "\"${PODS_ROOT}/Target Support Files/Pods-App/Pods-App-resources.sh\"\n";
			showEnvVarsInLog = 0;
		};
/* End PBXShellScriptBuildPhase section */

/* Begin PBXSourcesBuildPhase section */
		13B07F871A680F5B00A75B9A /* Sources */ = {
			isa = PBXSourcesBuildPhase;
			buildActionMask = 2147483647;
			files = (
				761780ED2CA45674006654EE /* AppDelegate.swift in Sources */,
			);
			runOnlyForDeploymentPostprocessing = 0;
		};
/* End PBXSourcesBuildPhase section */

/* Begin XCBuildConfiguration section */
		13B07F941A680F5B00A75B9A /* Debug */ = {
			isa = XCBuildConfiguration;
			baseConfigurationReference = 3B4392A12AC88292D35C810B /* Pods-App.debug.xcconfig */;
			buildSettings = {
				ASSETCATALOG_COMPILER_APPICON_NAME = AppIcon;
				CLANG_ENABLE_MODULES = YES;
				CURRENT_PROJECT_VERSION = 1;
				ENABLE_BITCODE = NO;
				INFOPLIST_FILE = App/Info.plist;
				IPHONEOS_DEPLOYMENT_TARGET = 15.1;
				LD_RUNPATH_SEARCH_PATHS = (
					"$(inherited)",
					"@executable_path/Frameworks",
				);
				MARKETING_VERSION = 1.0;
				OTHER_LDFLAGS = (
					"$(inherited)",
					"-ObjC",
					"-lc++",
				);
				PRODUCT_BUNDLE_IDENTIFIER = "org.reactjs.native.example.$(PRODUCT_NAME:rfc1034identifier)";
				PRODUCT_NAME = App;
				SWIFT_OPTIMIZATION_LEVEL = "-Onone";
				SWIFT_VERSION = 5.0;
				VERSIONING_SYSTEM = "apple-generic";
			};
			name = Debug;
		};
		13B07F951A680F5B00A75B9A /* Release */ = {
			isa = XCBuildConfiguration;
			baseConfigurationReference = 5709B34CF0A7D63546082F79 /* Pods-App.release.xcconfig */;
			buildSettings = {
				ASSETCATALOG_COMPILER_APPICON_NAME = AppIcon;
				CLANG_ENABLE_MODULES = YES;
				CURRENT_PROJECT_VERSION = 1;
				INFOPLIST_FILE = App/Info.plist;
				IPHONEOS_DEPLOYMENT_TARGET = 15.1;
				LD_RUNPATH_SEARCH_PATHS = (
					"$(inherited)",
					"@executable_path/Frameworks",
				);
				MARKETING_VERSION = 1.0;
				OTHER_LDFLAGS = (
					"$(inherited)",
					"-ObjC",
					"-lc++",
				);
				PRODUCT_BUNDLE_IDENTIFIER = "org.reactjs.native.example.$(PRODUCT_NAME:rfc1034identifier)";
				PRODUCT_NAME = App;
				SWIFT_VERSION = 5.0;
				VERSIONING_SYSTEM = "apple-generic";
			};
			name = Release;
		};
		83CBBA201A601CBA00E9B192 /* Debug */ = {
			isa = XCBuildConfiguration;
			buildSettings = {
				ALWAYS_SEARCH_USER_PATHS = NO;
				CLANG_ANALYZER_LOCALIZABILITY_NONLOCALIZED = YES;
				CLANG_CXX_LANGUAGE_STANDARD = "c++20";
				CLANG_CXX_LIBRARY = "libc++";
				CLANG_ENABLE_MODULES = YES;
				CLANG_ENABLE_OBJC_ARC = YES;
				CLANG_WARN_BLOCK_CAPTURE_AUTORELEASING = YES;
				CLANG_WARN_BOOL_CONVERSION = YES;
				CLANG_WARN_COMMA = YES;
				CLANG_WARN_CONSTANT_CONVERSION = YES;
				CLANG_WARN_DEPRECATED_OBJC_IMPLEMENTATIONS = YES;
				CLANG_WARN_DIRECT_OBJC_ISA_USAGE = YES_ERROR;
				CLANG_WARN_EMPTY_BODY = YES;
				CLANG_WARN_ENUM_CONVERSION = YES;
				CLANG_WARN_INFINITE_RECURSION = YES;
				CLANG_WARN_INT_CONVERSION = YES;
				CLANG_WARN_NON_LITERAL_NULL_CONVERSION = YES;
				CLANG_WARN_OBJC_IMPLICIT_RETAIN_SELF = YES;
				CLANG_WARN_OBJC_LITERAL_CONVERSION = YES;
				CLANG_WARN_OBJC_ROOT_CLASS = YES_ERROR;
				CLANG_WARN_QUOTED_INCLUDE_IN_FRAMEWORK_HEADER = YES;
				CLANG_WARN_RANGE_LOOP_ANALYSIS = YES;
				CLANG_WARN_STRICT_PROTOTYPES = YES;
				CLANG_WARN_SUSPICIOUS_MOVE = YES;
				CLANG_WARN_UNREACHABLE_CODE = YES;
				CLANG_WARN__DUPLICATE_METHOD_MATCH = YES;
				"CODE_SIGN_IDENTITY[sdk=iphoneos*]" = "iPhone Developer";
				COPY_PHASE_STRIP = NO;
				ENABLE_STRICT_OBJC_MSGSEND = YES;
				ENABLE_TESTABILITY = YES;
				"EXCLUDED_ARCHS[sdk=iphonesimulator*]" = "";
				GCC_C_LANGUAGE_STANDARD = gnu99;
				GCC_DYNAMIC_NO_PIC = NO;
				GCC_NO_COMMON_BLOCKS = YES;
				GCC_OPTIMIZATION_LEVEL = 0;
				GCC_PREPROCESSOR_DEFINITIONS = (
					"DEBUG=1",
					"$(inherited)",
				);
				GCC_SYMBOLS_PRIVATE_EXTERN = NO;
				GCC_WARN_64_TO_32_BIT_CONVERSION = YES;
				GCC_WARN_ABOUT_RETURN_TYPE = YES_ERROR;
				GCC_WARN_UNDECLARED_SELECTOR = YES;
				GCC_WARN_UNINITIALIZED_AUTOS = YES_AGGRESSIVE;
				GCC_WARN_UNUSED_FUNCTION = YES;
				GCC_WARN_UNUSED_VARIABLE = YES;
				IPHONEOS_DEPLOYMENT_TARGET = 15.1;
				LD_RUNPATH_SEARCH_PATHS = (
					/usr/lib/swift,
					"$(inherited)",
				);
				LIBRARY_SEARCH_PATHS = (
					"\"$(SDKROOT)/usr/lib/swift\"",
					"\"$(TOOLCHAIN_DIR)/usr/lib/swift/$(PLATFORM_NAME)\"",
					"\"$(inherited)\"",
				);
				MTL_ENABLE_DEBUG_INFO = YES;
				ONLY_ACTIVE_ARCH = YES;
				OTHER_CPLUSPLUSFLAGS = (
					"$(OTHER_CFLAGS)",
					"-DFOLLY_NO_CONFIG",
					"-DFOLLY_MOBILE=1",
					"-DFOLLY_USE_LIBCPP=1",
					"-DFOLLY_CFG_NO_COROUTINES=1",
					"-DFOLLY_HAVE_CLOCK_GETTIME=1",
				);
				SDKROOT = iphoneos;
			};
			name = Debug;
		};
		83CBBA211A601CBA00E9B192 /* Release */ = {
			isa = XCBuildConfiguration;
			buildSettings = {
				ALWAYS_SEARCH_USER_PATHS = NO;
				CLANG_ANALYZER_LOCALIZABILITY_NONLOCALIZED = YES;
				CLANG_CXX_LANGUAGE_STANDARD = "c++20";
				CLANG_CXX_LIBRARY = "libc++";
				CLANG_ENABLE_MODULES = YES;
				CLANG_ENABLE_OBJC_ARC = YES;
				CLANG_WARN_BLOCK_CAPTURE_AUTORELEASING = YES;
				CLANG_WARN_BOOL_CONVERSION = YES;
				CLANG_WARN_COMMA = YES;
				CLANG_WARN_CONSTANT_CONVERSION = YES;
				CLANG_WARN_DEPRECATED_OBJC_IMPLEMENTATIONS = YES;
				CLANG_WARN_DIRECT_OBJC_ISA_USAGE = YES_ERROR;
				CLANG_WARN_EMPTY_BODY = YES;
				CLANG_WARN_ENUM_CONVERSION = YES;
				CLANG_WARN_INFINITE_RECURSION = YES;
				CLANG_WARN_INT_CONVERSION = YES;
				CLANG_WARN_NON_LITERAL_NULL_CONVERSION = YES;
				CLANG_WARN_OBJC_IMPLICIT_RETAIN_SELF = YES;
				CLANG_WARN_OBJC_LITERAL_CONVERSION = YES;
				CLANG_WARN_OBJC_ROOT_CLASS = YES_ERROR;
				CLANG_WARN_QUOTED_INCLUDE_IN_FRAMEWORK_HEADER = YES;
				CLANG_WARN_RANGE_LOOP_ANALYSIS = YES;
				CLANG_WARN_STRICT_PROTOTYPES = YES;
				CLANG_WARN_SUSPICIOUS_MOVE = YES;
				CLANG_WARN_UNREACHABLE_CODE = YES;
				CLANG_WARN__DUPLICATE_METHOD_MATCH = YES;
				"CODE_SIGN_IDENTITY[sdk=iphoneos*]" = "iPhone Developer";
				COPY_PHASE_STRIP = YES;
				ENABLE_NS_ASSERTIONS = NO;
				ENABLE_STRICT_OBJC_MSGSEND = YES;
				"EXCLUDED_ARCHS[sdk=iphonesimulator*]" = "";
				GCC_C_LANGUAGE_STANDARD = gnu99;
				GCC_NO_COMMON_BLOCKS = YES;
				GCC_WARN_64_TO_32_BIT_CONVERSION = YES;
				GCC_WARN_ABOUT_RETURN_TYPE = YES_ERROR;
				GCC_WARN_UNDECLARED_SELECTOR = YES;
				GCC_WARN_UNINITIALIZED_AUTOS = YES_AGGRESSIVE;
				GCC_WARN_UNUSED_FUNCTION = YES;
				GCC_WARN_UNUSED_VARIABLE = YES;
				IPHONEOS_DEPLOYMENT_TARGET = 15.1;
				LD_RUNPATH_SEARCH_PATHS = (
					/usr/lib/swift,
					"$(inherited)",
				);
				LIBRARY_SEARCH_PATHS = (
					"\"$(SDKROOT)/usr/lib/swift\"",
					"\"$(TOOLCHAIN_DIR)/usr/lib/swift/$(PLATFORM_NAME)\"",
					"\"$(inherited)\"",
				);
				MTL_ENABLE_DEBUG_INFO = NO;
				OTHER_CPLUSPLUSFLAGS = (
					"$(OTHER_CFLAGS)",
					"-DFOLLY_NO_CONFIG",
					"-DFOLLY_MOBILE=1",
					"-DFOLLY_USE_LIBCPP=1",
					"-DFOLLY_CFG_NO_COROUTINES=1",
					"-DFOLLY_HAVE_CLOCK_GETTIME=1",
				);
				SDKROOT = iphoneos;
				VALIDATE_PRODUCT = YES;
			};
			name = Release;
		};
/* End XCBuildConfiguration section */

/* Begin XCConfigurationList section */
		13B07F931A680F5B00A75B9A /* Build configuration list for PBXNativeTarget "App" */ = {
			isa = XCConfigurationList;
			buildConfigurations = (
				13B07F941A680F5B00A75B9A /* Debug */,
				13B07F951A680F5B00A75B9A /* Release */,
			);
			defaultConfigurationIsVisible = 0;
			defaultConfigurationName = Release;
		};
		83CBB9FA1A601CBA00E9B192 /* Build configuration list for PBXProject "App" */ = {
			isa = XCConfigurationList;
			buildConfigurations = (
				83CBBA201A601CBA00E9B192 /* Debug */,
				83CBBA211A601CBA00E9B192 /* Release */,
			);
			defaultConfigurationIsVisible = 0;
			defaultConfigurationName = Release;
		};
/* End XCConfigurationList section */
	};
	rootObject = 83CBB9F71A601CBA00E9B192 /* Project object */;
}
